PODS:
  - libsodium (1.0.12)
  - OpenSSL-Universal (1.0.2.20):
    - OpenSSL-Universal/Static (= 1.0.2.20)
  - OpenSSL-Universal/Static (1.0.2.20)

DEPENDENCIES:
  - libsodium (~> 1.0)
  - OpenSSL-Universal (~> 1.0)

SPEC REPOS:
  trunk:
    - libsodium
    - OpenSSL-Universal

SPEC CHECKSUMS:
  libsodium: 9a8faa5ef2fa0d2d57bd7f7d79bf8fb7c1a9f0ea
  OpenSSL-Universal: ff34003318d5e1163e9529b08470708e389ffcdd

PODFILE CHECKSUM: f06b8e4ddeea3f749ac7f7e6611845ef30e00758

COCOAPODS: 1.9.3
