PODS:
  - OpenSSL-Universal (1.0.2.20):
    - OpenSSL-Universal/Static (= 1.0.2.20)
  - OpenSSL-Universal/Static (1.0.2.20)

DEPENDENCIES:
  - OpenSSL-Universal (~> 1.0)

SPEC REPOS:
  trunk:
    - OpenSSL-Universal

SPEC CHECKSUMS:
  OpenSSL-Universal: ff34003318d5e1163e9529b08470708e389ffcdd

PODFILE CHECKSUM: c3c32f87fd6959586a59d2895327441fbcefce37

COCOAPODS: 1.9.3
