// !$*UTF8*$!
{
	archiveVersion = 1;
	classes = {
	};
	objectVersion = 48;
	objects = {

/* Begin PBXBuildFile section */
		CD9345C62093EB140077BAD4 /* main.cpp in Sources */ = {isa = PBXBuildFile; fileRef = CD9345C52093EB140077BAD4 /* main.cpp */; };
		CD9345D120944B260077BAD4 /* chain.cpp in Sources */ = {isa = PBXBuildFile; fileRef = CD9345CD20944B260077BAD4 /* chain.cpp */; };
		CD9345D220944B260077BAD4 /* player.cpp in Sources */ = {isa = PBXBuildFile; fileRef = CD9345CF20944B260077BAD4 /* player.cpp */; };
		CD9345D520944B540077BAD4 /* context.cpp in Sources */ = {isa = PBXBuildFile; fileRef = CD9345D320944B540077BAD4 /* context.cpp */; };
/* End PBXBuildFile section */

/* Begin PBXCopyFilesBuildPhase section */
		CD9345C02093EB140077BAD4 /* CopyFiles */ = {
			isa = PBXCopyFilesBuildPhase;
			buildActionMask = 2147483647;
			dstPath = /usr/share/man/man1/;
			dstSubfolderSpec = 0;
			files = (
			);
			runOnlyForDeploymentPostprocessing = 1;
		};
/* End PBXCopyFilesBuildPhase section */

/* Begin PBXFileReference section */
		CD9345C22093EB140077BAD4 /* consensus */ = {isa = PBXFileReference; explicitFileType = "compiled.mach-o.executable"; includeInIndex = 0; path = consensus; sourceTree = BUILT_PRODUCTS_DIR; };
		CD9345C52093EB140077BAD4 /* main.cpp */ = {isa = PBXFileReference; lastKnownFileType = sourcecode.cpp.cpp; path = main.cpp; sourceTree = "<group>"; };
		CD9345CD20944B260077BAD4 /* chain.cpp */ = {isa = PBXFileReference; fileEncoding = 4; lastKnownFileType = sourcecode.cpp.cpp; path = chain.cpp; sourceTree = "<group>"; };
		CD9345CE20944B260077BAD4 /* player.h */ = {isa = PBXFileReference; fileEncoding = 4; lastKnownFileType = sourcecode.c.h; path = player.h; sourceTree = "<group>"; };
		CD9345CF20944B260077BAD4 /* player.cpp */ = {isa = PBXFileReference; fileEncoding = 4; lastKnownFileType = sourcecode.cpp.cpp; path = player.cpp; sourceTree = "<group>"; };
		CD9345D020944B260077BAD4 /* chain.h */ = {isa = PBXFileReference; fileEncoding = 4; lastKnownFileType = sourcecode.c.h; path = chain.h; sourceTree = "<group>"; };
		CD9345D320944B540077BAD4 /* context.cpp */ = {isa = PBXFileReference; fileEncoding = 4; lastKnownFileType = sourcecode.cpp.cpp; path = context.cpp; sourceTree = "<group>"; };
		CD9345D420944B540077BAD4 /* context.h */ = {isa = PBXFileReference; fileEncoding = 4; lastKnownFileType = sourcecode.c.h; path = context.h; sourceTree = "<group>"; };
		CD9345D620944BEE0077BAD4 /* common.h */ = {isa = PBXFileReference; lastKnownFileType = sourcecode.c.h; path = common.h; sourceTree = "<group>"; };
/* End PBXFileReference section */

/* Begin PBXFrameworksBuildPhase section */
		CD9345BF2093EB140077BAD4 /* Frameworks */ = {
			isa = PBXFrameworksBuildPhase;
			buildActionMask = 2147483647;
			files = (
			);
			runOnlyForDeploymentPostprocessing = 0;
		};
/* End PBXFrameworksBuildPhase section */

/* Begin PBXGroup section */
		CD9345B92093EB140077BAD4 = {
			isa = PBXGroup;
			children = (
				CD9345C42093EB140077BAD4 /* consensus */,
				CD9345C32093EB140077BAD4 /* Products */,
			);
			sourceTree = "<group>";
		};
		CD9345C32093EB140077BAD4 /* Products */ = {
			isa = PBXGroup;
			children = (
				CD9345C22093EB140077BAD4 /* consensus */,
			);
			name = Products;
			sourceTree = "<group>";
		};
		CD9345C42093EB140077BAD4 /* consensus */ = {
			isa = PBXGroup;
			children = (
				CD9345CD20944B260077BAD4 /* chain.cpp */,
				CD9345D020944B260077BAD4 /* chain.h */,
				CD9345D620944BEE0077BAD4 /* common.h */,
				CD9345D320944B540077BAD4 /* context.cpp */,
				CD9345D420944B540077BAD4 /* context.h */,
				CD9345C52093EB140077BAD4 /* main.cpp */,
				CD9345CF20944B260077BAD4 /* player.cpp */,
				CD9345CE20944B260077BAD4 /* player.h */,
			);
			path = consensus;
			sourceTree = "<group>";
		};
/* End PBXGroup section */

/* Begin PBXNativeTarget section */
		CD9345C12093EB140077BAD4 /* consensus */ = {
			isa = PBXNativeTarget;
			buildConfigurationList = CD9345C92093EB140077BAD4 /* Build configuration list for PBXNativeTarget "consensus" */;
			buildPhases = (
				CD9345BE2093EB140077BAD4 /* Sources */,
				CD9345BF2093EB140077BAD4 /* Frameworks */,
				CD9345C02093EB140077BAD4 /* CopyFiles */,
			);
			buildRules = (
			);
			dependencies = (
			);
			name = consensus;
			productName = consensus;
			productReference = CD9345C22093EB140077BAD4 /* consensus */;
			productType = "com.apple.product-type.tool";
		};
/* End PBXNativeTarget section */

/* Begin PBXProject section */
		CD9345BA2093EB140077BAD4 /* Project object */ = {
			isa = PBXProject;
			attributes = {
				LastUpgradeCheck = 0920;
				ORGANIZATIONNAME = "Patrick Meehan";
				TargetAttributes = {
					CD9345C12093EB140077BAD4 = {
						CreatedOnToolsVersion = 9.2;
						ProvisioningStyle = Manual;
					};
				};
			};
			buildConfigurationList = CD9345BD2093EB140077BAD4 /* Build configuration list for PBXProject "consensus" */;
			compatibilityVersion = "Xcode 8.0";
			developmentRegion = en;
			hasScannedForEncodings = 0;
			knownRegions = (
				en,
			);
			mainGroup = CD9345B92093EB140077BAD4;
			productRefGroup = CD9345C32093EB140077BAD4 /* Products */;
			projectDirPath = "";
			projectRoot = "";
			targets = (
				CD9345C12093EB140077BAD4 /* consensus */,
			);
		};
/* End PBXProject section */

/* Begin PBXSourcesBuildPhase section */
		CD9345BE2093EB140077BAD4 /* Sources */ = {
			isa = PBXSourcesBuildPhase;
			buildActionMask = 2147483647;
			files = (
				CD9345C62093EB140077BAD4 /* main.cpp in Sources */,
				CD9345D520944B540077BAD4 /* context.cpp in Sources */,
				CD9345D120944B260077BAD4 /* chain.cpp in Sources */,
				CD9345D220944B260077BAD4 /* player.cpp in Sources */,
			);
			runOnlyForDeploymentPostprocessing = 0;
		};
/* End PBXSourcesBuildPhase section */

/* Begin XCBuildConfiguration section */
		CD9345C72093EB140077BAD4 /* Debug */ = {
			isa = XCBuildConfiguration;
			buildSettings = {
				ALWAYS_SEARCH_USER_PATHS = NO;
				CLANG_ANALYZER_NONNULL = YES;
				CLANG_ANALYZER_NUMBER_OBJECT_CONVERSION = YES_AGGRESSIVE;
				CLANG_CXX_LANGUAGE_STANDARD = "gnu++14";
				CLANG_CXX_LIBRARY = "libc++";
				CLANG_ENABLE_MODULES = YES;
				CLANG_ENABLE_OBJC_ARC = YES;
				CLANG_WARN_BLOCK_CAPTURE_AUTORELEASING = YES;
				CLANG_WARN_BOOL_CONVERSION = YES;
				CLANG_WARN_COMMA = YES;
				CLANG_WARN_CONSTANT_CONVERSION = YES;
				CLANG_WARN_DIRECT_OBJC_ISA_USAGE = YES_ERROR;
				CLANG_WARN_DOCUMENTATION_COMMENTS = YES;
				CLANG_WARN_EMPTY_BODY = YES;
				CLANG_WARN_ENUM_CONVERSION = YES;
				CLANG_WARN_INFINITE_RECURSION = YES;
				CLANG_WARN_INT_CONVERSION = YES;
				CLANG_WARN_NON_LITERAL_NULL_CONVERSION = YES;
				CLANG_WARN_OBJC_LITERAL_CONVERSION = YES;
				CLANG_WARN_OBJC_ROOT_CLASS = YES_ERROR;
				CLANG_WARN_RANGE_LOOP_ANALYSIS = YES;
				CLANG_WARN_STRICT_PROTOTYPES = YES;
				CLANG_WARN_SUSPICIOUS_MOVE = YES;
				CLANG_WARN_UNGUARDED_AVAILABILITY = YES_AGGRESSIVE;
				CLANG_WARN_UNREACHABLE_CODE = YES;
				CLANG_WARN__DUPLICATE_METHOD_MATCH = YES;
				CODE_SIGN_IDENTITY = "";
				CODE_SIGN_STYLE = Manual;
				COPY_PHASE_STRIP = NO;
				DEBUG_INFORMATION_FORMAT = dwarf;
				ENABLE_STRICT_OBJC_MSGSEND = YES;
				ENABLE_TESTABILITY = YES;
				GCC_C_LANGUAGE_STANDARD = gnu11;
				GCC_DYNAMIC_NO_PIC = NO;
				GCC_NO_COMMON_BLOCKS = YES;
				GCC_OPTIMIZATION_LEVEL = 0;
				GCC_PREPROCESSOR_DEFINITIONS = (
					"DEBUG=1",
					"$(inherited)",
				);
				GCC_WARN_64_TO_32_BIT_CONVERSION = YES;
				GCC_WARN_ABOUT_RETURN_TYPE = YES_ERROR;
				GCC_WARN_UNDECLARED_SELECTOR = YES;
				GCC_WARN_UNINITIALIZED_AUTOS = YES_AGGRESSIVE;
				GCC_WARN_UNUSED_FUNCTION = YES;
				GCC_WARN_UNUSED_VARIABLE = YES;
				MACOSX_DEPLOYMENT_TARGET = 10.13;
				MTL_ENABLE_DEBUG_INFO = YES;
				ONLY_ACTIVE_ARCH = YES;
				SDKROOT = macosx;
			};
			name = Debug;
		};
		CD9345C82093EB140077BAD4 /* Release */ = {
			isa = XCBuildConfiguration;
			buildSettings = {
				ALWAYS_SEARCH_USER_PATHS = NO;
				CLANG_ANALYZER_NONNULL = YES;
				CLANG_ANALYZER_NUMBER_OBJECT_CONVERSION = YES_AGGRESSIVE;
				CLANG_CXX_LANGUAGE_STANDARD = "gnu++14";
				CLANG_CXX_LIBRARY = "libc++";
				CLANG_ENABLE_MODULES = YES;
				CLANG_ENABLE_OBJC_ARC = YES;
				CLANG_WARN_BLOCK_CAPTURE_AUTORELEASING = YES;
				CLANG_WARN_BOOL_CONVERSION = YES;
				CLANG_WARN_COMMA = YES;
				CLANG_WARN_CONSTANT_CONVERSION = YES;
				CLANG_WARN_DIRECT_OBJC_ISA_USAGE = YES_ERROR;
				CLANG_WARN_DOCUMENTATION_COMMENTS = YES;
				CLANG_WARN_EMPTY_BODY = YES;
				CLANG_WARN_ENUM_CONVERSION = YES;
				CLANG_WARN_INFINITE_RECURSION = YES;
				CLANG_WARN_INT_CONVERSION = YES;
				CLANG_WARN_NON_LITERAL_NULL_CONVERSION = YES;
				CLANG_WARN_OBJC_LITERAL_CONVERSION = YES;
				CLANG_WARN_OBJC_ROOT_CLASS = YES_ERROR;
				CLANG_WARN_RANGE_LOOP_ANALYSIS = YES;
				CLANG_WARN_STRICT_PROTOTYPES = YES;
				CLANG_WARN_SUSPICIOUS_MOVE = YES;
				CLANG_WARN_UNGUARDED_AVAILABILITY = YES_AGGRESSIVE;
				CLANG_WARN_UNREACHABLE_CODE = YES;
				CLANG_WARN__DUPLICATE_METHOD_MATCH = YES;
				CODE_SIGN_IDENTITY = "";
				CODE_SIGN_STYLE = Manual;
				COPY_PHASE_STRIP = NO;
				DEBUG_INFORMATION_FORMAT = "dwarf-with-dsym";
				ENABLE_NS_ASSERTIONS = NO;
				ENABLE_STRICT_OBJC_MSGSEND = YES;
				GCC_C_LANGUAGE_STANDARD = gnu11;
				GCC_NO_COMMON_BLOCKS = YES;
				GCC_WARN_64_TO_32_BIT_CONVERSION = YES;
				GCC_WARN_ABOUT_RETURN_TYPE = YES_ERROR;
				GCC_WARN_UNDECLARED_SELECTOR = YES;
				GCC_WARN_UNINITIALIZED_AUTOS = YES_AGGRESSIVE;
				GCC_WARN_UNUSED_FUNCTION = YES;
				GCC_WARN_UNUSED_VARIABLE = YES;
				MACOSX_DEPLOYMENT_TARGET = 10.13;
				MTL_ENABLE_DEBUG_INFO = NO;
				SDKROOT = macosx;
			};
			name = Release;
		};
		CD9345CA2093EB140077BAD4 /* Debug */ = {
			isa = XCBuildConfiguration;
			buildSettings = {
				MACOSX_DEPLOYMENT_TARGET = 10.9;
				PRODUCT_NAME = "$(TARGET_NAME)";
				PROVISIONING_PROFILE_SPECIFIER = "";
			};
			name = Debug;
		};
		CD9345CB2093EB140077BAD4 /* Release */ = {
			isa = XCBuildConfiguration;
			buildSettings = {
				MACOSX_DEPLOYMENT_TARGET = 10.9;
				PRODUCT_NAME = "$(TARGET_NAME)";
				PROVISIONING_PROFILE_SPECIFIER = "";
			};
			name = Release;
		};
/* End XCBuildConfiguration section */

/* Begin XCConfigurationList section */
		CD9345BD2093EB140077BAD4 /* Build configuration list for PBXProject "consensus" */ = {
			isa = XCConfigurationList;
			buildConfigurations = (
				CD9345C72093EB140077BAD4 /* Debug */,
				CD9345C82093EB140077BAD4 /* Release */,
			);
			defaultConfigurationIsVisible = 0;
			defaultConfigurationName = Release;
		};
		CD9345C92093EB140077BAD4 /* Build configuration list for PBXNativeTarget "consensus" */ = {
			isa = XCConfigurationList;
			buildConfigurations = (
				CD9345CA2093EB140077BAD4 /* Debug */,
				CD9345CB2093EB140077BAD4 /* Release */,
			);
			defaultConfigurationIsVisible = 0;
			defaultConfigurationName = Release;
		};
/* End XCConfigurationList section */
	};
	rootObject = CD9345BA2093EB140077BAD4 /* Project object */;
}
