// !$*UTF8*$!
{
	archiveVersion = 1;
	classes = {
	};
	objectVersion = 48;
	objects = {

/* Begin PBXAggregateTarget section */
		CDD36CEA215DA68E004FC222 /* volition-all */ = {
			isa = PBXAggregateTarget;
			buildConfigurationList = CDD36CEB215DA68E004FC222 /* Build configuration list for PBXAggregateTarget "volition-all" */;
			buildPhases = (
			);
			dependencies = (
				CDD36CEF215DA69B004FC222 /* PBXTargetDependency */,
				CDD36CF1215DA69B004FC222 /* PBXTargetDependency */,
				CDD36CF3215DA69B004FC222 /* PBXTargetDependency */,
				CDD36CF5215DA69B004FC222 /* PBXTargetDependency */,
				CDD36CF7215DA69B004FC222 /* PBXTargetDependency */,
				CDD36CF9215DA69B004FC222 /* PBXTargetDependency */,
				CDD36CFB215DA69B004FC222 /* PBXTargetDependency */,
			);
			name = "volition-all";
			productName = "volition-all";
		};
/* End PBXAggregateTarget section */

/* Begin PBXBuildFile section */
		CD0C3E5620C86D88006E3B1C /* libPocoUtil.a in Frameworks */ = {isa = PBXBuildFile; fileRef = CDED586020BA3981003A2969 /* libPocoUtil.a */; };
		CD0C3E5720C86D88006E3B1C /* libcpprouter.a in Frameworks */ = {isa = PBXBuildFile; fileRef = CDED582D20BA1FCE003A2969 /* libcpprouter.a */; };
		CD0C3E5820C86D88006E3B1C /* libcrypto.a in Frameworks */ = {isa = PBXBuildFile; fileRef = CD4665A020BE9CE000A02D55 /* libcrypto.a */; };
		CD0C3E5920C86D88006E3B1C /* libPocoJSON.a in Frameworks */ = {isa = PBXBuildFile; fileRef = CDED585C20BA3981003A2969 /* libPocoJSON.a */; };
		CD0C3E5A20C86D88006E3B1C /* libPocoFoundation.a in Frameworks */ = {isa = PBXBuildFile; fileRef = CDED585B20BA3981003A2969 /* libPocoFoundation.a */; };
		CD0C3E5B20C86D88006E3B1C /* libPocoNetSSL.a in Frameworks */ = {isa = PBXBuildFile; fileRef = CDED585E20BA3981003A2969 /* libPocoNetSSL.a */; };
		CD0C3E5C20C86D88006E3B1C /* libPocoRedis.a in Frameworks */ = {isa = PBXBuildFile; fileRef = CDED585F20BA3981003A2969 /* libPocoRedis.a */; };
		CD0C3E5D20C86D88006E3B1C /* libPocoEncodings.a in Frameworks */ = {isa = PBXBuildFile; fileRef = CDED585A20BA3981003A2969 /* libPocoEncodings.a */; };
		CD0C3E5E20C86D88006E3B1C /* libPocoNet.a in Frameworks */ = {isa = PBXBuildFile; fileRef = CDED585D20BA3981003A2969 /* libPocoNet.a */; };
		CD0C3E5F20C86D88006E3B1C /* libPocoZip.a in Frameworks */ = {isa = PBXBuildFile; fileRef = CDED586220BA3981003A2969 /* libPocoZip.a */; };
		CD0C3E6020C86D88006E3B1C /* libPocoXML.a in Frameworks */ = {isa = PBXBuildFile; fileRef = CDED586120BA3981003A2969 /* libPocoXML.a */; };
		CD0C3E6120C86D88006E3B1C /* libssl.a in Frameworks */ = {isa = PBXBuildFile; fileRef = CD4665A120BE9CE000A02D55 /* libssl.a */; };
		CD0C3E6220C86D88006E3B1C /* libPocoCrypto.a in Frameworks */ = {isa = PBXBuildFile; fileRef = CDED585920BA3981003A2969 /* libPocoCrypto.a */; };
		CD240D2D21360BD900FF8812 /* ChainMetadata.cpp in Sources */ = {isa = PBXBuildFile; fileRef = CD240D2B21360BD900FF8812 /* ChainMetadata.cpp */; };
		CD240D2E21360BD900FF8812 /* ChainMetadata.h in Headers */ = {isa = PBXBuildFile; fileRef = CD240D2C21360BD900FF8812 /* ChainMetadata.h */; };
		CD4665A220BE9CE000A02D55 /* libcrypto.a in Frameworks */ = {isa = PBXBuildFile; fileRef = CD4665A020BE9CE000A02D55 /* libcrypto.a */; };
		CD4665A320BE9CE000A02D55 /* libcrypto.a in Frameworks */ = {isa = PBXBuildFile; fileRef = CD4665A020BE9CE000A02D55 /* libcrypto.a */; };
		CD4665A420BE9CE000A02D55 /* libssl.a in Frameworks */ = {isa = PBXBuildFile; fileRef = CD4665A120BE9CE000A02D55 /* libssl.a */; };
		CD4665A520BE9CE000A02D55 /* libssl.a in Frameworks */ = {isa = PBXBuildFile; fileRef = CD4665A120BE9CE000A02D55 /* libssl.a */; };
		CD4E8150210579C8007DA585 /* libPocoUtil.a in Frameworks */ = {isa = PBXBuildFile; fileRef = CDED586020BA3981003A2969 /* libPocoUtil.a */; };
		CD4E8152210579C8007DA585 /* libcrypto.a in Frameworks */ = {isa = PBXBuildFile; fileRef = CD4665A020BE9CE000A02D55 /* libcrypto.a */; };
		CD4E8153210579C8007DA585 /* libPocoJSON.a in Frameworks */ = {isa = PBXBuildFile; fileRef = CDED585C20BA3981003A2969 /* libPocoJSON.a */; };
		CD4E8154210579C8007DA585 /* libPocoFoundation.a in Frameworks */ = {isa = PBXBuildFile; fileRef = CDED585B20BA3981003A2969 /* libPocoFoundation.a */; };
		CD4E8155210579C8007DA585 /* libPocoNetSSL.a in Frameworks */ = {isa = PBXBuildFile; fileRef = CDED585E20BA3981003A2969 /* libPocoNetSSL.a */; };
		CD4E8156210579C8007DA585 /* libPocoRedis.a in Frameworks */ = {isa = PBXBuildFile; fileRef = CDED585F20BA3981003A2969 /* libPocoRedis.a */; };
		CD4E8157210579C8007DA585 /* libPocoEncodings.a in Frameworks */ = {isa = PBXBuildFile; fileRef = CDED585A20BA3981003A2969 /* libPocoEncodings.a */; };
		CD4E8158210579C8007DA585 /* libPocoNet.a in Frameworks */ = {isa = PBXBuildFile; fileRef = CDED585D20BA3981003A2969 /* libPocoNet.a */; };
		CD4E8159210579C8007DA585 /* libPocoZip.a in Frameworks */ = {isa = PBXBuildFile; fileRef = CDED586220BA3981003A2969 /* libPocoZip.a */; };
		CD4E815A210579C8007DA585 /* libPocoXML.a in Frameworks */ = {isa = PBXBuildFile; fileRef = CDED586120BA3981003A2969 /* libPocoXML.a */; };
		CD4E815B210579C8007DA585 /* libssl.a in Frameworks */ = {isa = PBXBuildFile; fileRef = CD4665A120BE9CE000A02D55 /* libssl.a */; };
		CD4E815C210579C8007DA585 /* libPocoCrypto.a in Frameworks */ = {isa = PBXBuildFile; fileRef = CDED585920BA3981003A2969 /* libPocoCrypto.a */; };
		CD4E817221057E91007DA585 /* libcpprouter.a in Frameworks */ = {isa = PBXBuildFile; fileRef = CDED582D20BA1FCE003A2969 /* libcpprouter.a */; };
		CD4E81732105802E007DA585 /* main-gtest.cpp in Sources */ = {isa = PBXBuildFile; fileRef = CD4E816B21057DD1007DA585 /* main-gtest.cpp */; };
		CD4E8190210593A4007DA585 /* CryptoKey.cpp in Sources */ = {isa = PBXBuildFile; fileRef = CD4E80D62102BB57007DA585 /* CryptoKey.cpp */; };
		CD4E8191210593A4007DA585 /* CryptoKey.h in Headers */ = {isa = PBXBuildFile; fileRef = CD4E80D72102BB57007DA585 /* CryptoKey.h */; };
		CD4E8192210593A4007DA585 /* Digest.h in Headers */ = {isa = PBXBuildFile; fileRef = CD4E80DC21031AB0007DA585 /* Digest.h */; };
		CD4E8193210593A4007DA585 /* Signature.cpp in Sources */ = {isa = PBXBuildFile; fileRef = CD59F3B120E889A000705AEB /* Signature.cpp */; };
		CD4E8194210593A4007DA585 /* Signature.h in Headers */ = {isa = PBXBuildFile; fileRef = CD59F3B220E889A000705AEB /* Signature.h */; };
		CD4E8195210593BD007DA585 /* Block.cpp in Sources */ = {isa = PBXBuildFile; fileRef = CD46659C20BE908300A02D55 /* Block.cpp */; };
		CD4E8196210593BD007DA585 /* Block.h in Headers */ = {isa = PBXBuildFile; fileRef = CD46659D20BE908300A02D55 /* Block.h */; };
		CD4E8197210593BD007DA585 /* Chain.cpp in Sources */ = {isa = PBXBuildFile; fileRef = CDC2B33520CE112F00300A96 /* Chain.cpp */; };
		CD4E8198210593BD007DA585 /* Chain.h in Headers */ = {isa = PBXBuildFile; fileRef = CDC2B33620CE112F00300A96 /* Chain.h */; };
		CD4E819D210593BD007DA585 /* MinerInfo.cpp in Sources */ = {isa = PBXBuildFile; fileRef = CD0C3E1820C25A00006E3B1C /* MinerInfo.cpp */; };
		CD4E819E210593BD007DA585 /* MinerInfo.h in Headers */ = {isa = PBXBuildFile; fileRef = CD0C3E1920C25A00006E3B1C /* MinerInfo.h */; };
		CD4E819F210593BD007DA585 /* TheContext.cpp in Sources */ = {isa = PBXBuildFile; fileRef = CDC2B34220D1196900300A96 /* TheContext.cpp */; };
		CD4E81A0210593BD007DA585 /* TheContext.h in Headers */ = {isa = PBXBuildFile; fileRef = CDC2B34120D1182400300A96 /* TheContext.h */; };
		CD4E81A1210593BD007DA585 /* Policy.cpp in Sources */ = {isa = PBXBuildFile; fileRef = CD59F3BB20E8950100705AEB /* Policy.cpp */; };
		CD4E81A2210593BD007DA585 /* Policy.h in Headers */ = {isa = PBXBuildFile; fileRef = CD59F3BC20E8950100705AEB /* Policy.h */; };
		CD4E81A3210593BD007DA585 /* State.cpp in Sources */ = {isa = PBXBuildFile; fileRef = CDC2B31420CCAD2400300A96 /* State.cpp */; };
		CD4E81A4210593BD007DA585 /* State.h in Headers */ = {isa = PBXBuildFile; fileRef = CDC2B31520CCAD2400300A96 /* State.h */; };
		CD4E81A5210593CA007DA585 /* SyncChainTask.cpp in Sources */ = {isa = PBXBuildFile; fileRef = CD0C3E3320C65D7C006E3B1C /* SyncChainTask.cpp */; };
		CD4E81A6210593CA007DA585 /* SyncChainTask.h in Headers */ = {isa = PBXBuildFile; fileRef = CD0C3E3420C65D7C006E3B1C /* SyncChainTask.h */; };
		CD4E81A7210593CA007DA585 /* Miner.cpp in Sources */ = {isa = PBXBuildFile; fileRef = CD36658920EB3BE0000E0B43 /* Miner.cpp */; };
		CD4E81A8210593CA007DA585 /* Miner.h in Headers */ = {isa = PBXBuildFile; fileRef = CD36658A20EB3BE0000E0B43 /* Miner.h */; };
		CD4E81A9210593CA007DA585 /* TheWebMiner.cpp in Sources */ = {isa = PBXBuildFile; fileRef = CD36662C20F56D9A000E0B43 /* TheWebMiner.cpp */; };
		CD4E81AA210593CA007DA585 /* TheWebMiner.h in Headers */ = {isa = PBXBuildFile; fileRef = CD36662D20F56D9A000E0B43 /* TheWebMiner.h */; };
		CD4E81AB210593CA007DA585 /* TheWebMinerAPI.h in Headers */ = {isa = PBXBuildFile; fileRef = CD36663B20F5A5F3000E0B43 /* TheWebMinerAPI.h */; };
		CD4E81AC210593CA007DA585 /* WebMiner.cpp in Sources */ = {isa = PBXBuildFile; fileRef = CD0C3E1020C14460006E3B1C /* WebMiner.cpp */; };
		CD4E81AD210593CA007DA585 /* WebMiner.h in Headers */ = {isa = PBXBuildFile; fileRef = CD0C3E1120C14460006E3B1C /* WebMiner.h */; };
		CD4E81AE210593DD007DA585 /* AbstractAPIRequestHandler.cpp in Sources */ = {isa = PBXBuildFile; fileRef = CD36662F20F585D8000E0B43 /* AbstractAPIRequestHandler.cpp */; };
		CD4E81AF210593DD007DA585 /* AbstractAPIRequestHandler.h in Headers */ = {isa = PBXBuildFile; fileRef = CD36663020F585D8000E0B43 /* AbstractAPIRequestHandler.h */; };
		CD4E81B0210593DD007DA585 /* AbstractRequestHandler.cpp in Sources */ = {isa = PBXBuildFile; fileRef = CD4665A620BEABE100A02D55 /* AbstractRequestHandler.cpp */; };
		CD4E81B1210593DD007DA585 /* AbstractRequestHandler.h in Headers */ = {isa = PBXBuildFile; fileRef = CD4665A720BEABE100A02D55 /* AbstractRequestHandler.h */; };
		CD4E81B2210593DD007DA585 /* RouteTable.cpp in Sources */ = {isa = PBXBuildFile; fileRef = CDED584220BA2131003A2969 /* RouteTable.cpp */; };
		CD4E81B3210593DD007DA585 /* RouteTable.h in Headers */ = {isa = PBXBuildFile; fileRef = CDED584320BA2131003A2969 /* RouteTable.h */; };
		CD4E81B4210593E5007DA585 /* AbstractSerializable.h in Headers */ = {isa = PBXBuildFile; fileRef = CD36664820F73027000E0B43 /* AbstractSerializable.h */; };
		CD4E81B5210593E5007DA585 /* AbstractSerializer.h in Headers */ = {isa = PBXBuildFile; fileRef = CD36664920F7304C000E0B43 /* AbstractSerializer.h */; };
		CD4E81B6210593E5007DA585 /* AbstractStringifiable.h in Headers */ = {isa = PBXBuildFile; fileRef = CD4E80E121031FC9007DA585 /* AbstractStringifiable.h */; };
		CD4E81B7210593E5007DA585 /* DigestSerializer.h in Headers */ = {isa = PBXBuildFile; fileRef = CD36664A20F730AA000E0B43 /* DigestSerializer.h */; };
		CD4E81B8210593E5007DA585 /* FromJSONSerializer.h in Headers */ = {isa = PBXBuildFile; fileRef = CD36664B20F730AA000E0B43 /* FromJSONSerializer.h */; };
		CD4E81B9210593E5007DA585 /* JSONSerializer.h in Headers */ = {isa = PBXBuildFile; fileRef = CD36664E20F73FE4000E0B43 /* JSONSerializer.h */; };
		CD4E81BA210593E5007DA585 /* SerializablePtr.h in Headers */ = {isa = PBXBuildFile; fileRef = CD7791FB20F93B1E0058EBAC /* SerializablePtr.h */; };
		CD4E81BB210593E5007DA585 /* SerializableSet.h in Headers */ = {isa = PBXBuildFile; fileRef = CD7791FC20F93B1E0058EBAC /* SerializableSet.h */; };
		CD4E81BC210593E5007DA585 /* SerializableVector.h in Headers */ = {isa = PBXBuildFile; fileRef = CD7791FD20F93B1E0058EBAC /* SerializableVector.h */; };
		CD4E81BD210593E5007DA585 /* Serialization.h in Headers */ = {isa = PBXBuildFile; fileRef = CD36664D20F73261000E0B43 /* Serialization.h */; };
		CD4E81BE210593E5007DA585 /* SortedDigestSerializer.h in Headers */ = {isa = PBXBuildFile; fileRef = CD4E80E221033E44007DA585 /* SortedDigestSerializer.h */; };
		CD4E81BF210593E5007DA585 /* ToJSONSerializer.h in Headers */ = {isa = PBXBuildFile; fileRef = CD36664C20F730AA000E0B43 /* ToJSONSerializer.h */; };
		CD4E81C0210593F6007DA585 /* Analysis.cpp in Sources */ = {isa = PBXBuildFile; fileRef = CDC2B31B20CE0FA100300A96 /* Analysis.cpp */; };
		CD4E81C1210593F6007DA585 /* Analysis.h in Headers */ = {isa = PBXBuildFile; fileRef = CDC2B31C20CE0FA100300A96 /* Analysis.h */; };
		CD4E81C2210593F6007DA585 /* Cohort.cpp in Sources */ = {isa = PBXBuildFile; fileRef = CDC2B31F20CE0FA100300A96 /* Cohort.cpp */; };
		CD4E81C3210593F6007DA585 /* Cohort.h in Headers */ = {isa = PBXBuildFile; fileRef = CDC2B32020CE0FA100300A96 /* Cohort.h */; };
		CD4E81C4210593F6007DA585 /* Scenario.h in Headers */ = {isa = PBXBuildFile; fileRef = CDC2B32520CE0FA100300A96 /* Scenario.h */; };
		CD4E81C5210593F6007DA585 /* SimMiner.cpp in Sources */ = {isa = PBXBuildFile; fileRef = CD36659320EC40E4000E0B43 /* SimMiner.cpp */; };
		CD4E81C6210593F6007DA585 /* SimMiner.h in Headers */ = {isa = PBXBuildFile; fileRef = CD36659420EC40E4000E0B43 /* SimMiner.h */; };
		CD4E81C7210593F6007DA585 /* TheSimulator.cpp in Sources */ = {isa = PBXBuildFile; fileRef = CDC2B32120CE0FA100300A96 /* TheSimulator.cpp */; };
		CD4E81C8210593F6007DA585 /* TheSimulator.h in Headers */ = {isa = PBXBuildFile; fileRef = CDC2B32220CE0FA100300A96 /* TheSimulator.h */; };
		CD4E81CB2105941A007DA585 /* AbstractTransaction.cpp in Sources */ = {isa = PBXBuildFile; fileRef = CD4665AB20BFF3DD00A02D55 /* AbstractTransaction.cpp */; };
		CD4E81CC2105941A007DA585 /* AbstractTransaction.h in Headers */ = {isa = PBXBuildFile; fileRef = CD4665AC20BFF3DD00A02D55 /* AbstractTransaction.h */; };
		CD4E81CD2105941A007DA585 /* TheTransactionFactory.cpp in Sources */ = {isa = PBXBuildFile; fileRef = CD0C3E1420C14E8A006E3B1C /* TheTransactionFactory.cpp */; };
		CD4E81CE2105941A007DA585 /* TheTransactionFactory.h in Headers */ = {isa = PBXBuildFile; fileRef = CD0C3E1520C14E8A006E3B1C /* TheTransactionFactory.h */; };
		CD4E81CF2105941A007DA585 /* TransactionMakerSignature.cpp in Sources */ = {isa = PBXBuildFile; fileRef = CD59F3D920E9BEC100705AEB /* TransactionMakerSignature.cpp */; };
		CD4E81D02105941A007DA585 /* TransactionMakerSignature.h in Headers */ = {isa = PBXBuildFile; fileRef = CD59F3DA20E9BEC100705AEB /* TransactionMakerSignature.h */; };
		CD4E81D12105941A007DA585 /* Transactions.h in Headers */ = {isa = PBXBuildFile; fileRef = CD36664120F6B404000E0B43 /* Transactions.h */; };
		CD4E81D421059435007DA585 /* libvolition.a in Frameworks */ = {isa = PBXBuildFile; fileRef = CD4E818F21059316007DA585 /* libvolition.a */; };
		CD4E81D721059447007DA585 /* libvolition.a in Frameworks */ = {isa = PBXBuildFile; fileRef = CD4E818F21059316007DA585 /* libvolition.a */; };
		CD4E81DA2105945A007DA585 /* libvolition.a in Frameworks */ = {isa = PBXBuildFile; fileRef = CD4E818F21059316007DA585 /* libvolition.a */; };
		CD4E81DD2105946A007DA585 /* libvolition.a in Frameworks */ = {isa = PBXBuildFile; fileRef = CD4E818F21059316007DA585 /* libvolition.a */; };
		CDA06FFB21588EC3003FA0C3 /* TestChain.cpp in Sources */ = {isa = PBXBuildFile; fileRef = CDC1388F212FCFDF004FA594 /* TestChain.cpp */; };
		CDD36CD8215DA3A3004FC222 /* loguru.cpp in Sources */ = {isa = PBXBuildFile; fileRef = CDD36CD7215DA3A3004FC222 /* loguru.cpp */; };
		CDD36CE3215DA428004FC222 /* libgtest.a in Frameworks */ = {isa = PBXBuildFile; fileRef = CDD36CD4215DA35E004FC222 /* libgtest.a */; };
		CDD36CE4215DA429004FC222 /* libpadamose.a in Frameworks */ = {isa = PBXBuildFile; fileRef = CDD36CD6215DA35E004FC222 /* libpadamose.a */; };
		CDD36CE7215DA444004FC222 /* libpadamose.a in Frameworks */ = {isa = PBXBuildFile; fileRef = CDD36CD6215DA35E004FC222 /* libpadamose.a */; };
		CDD36CE8215DA44C004FC222 /* libpadamose.a in Frameworks */ = {isa = PBXBuildFile; fileRef = CDD36CD6215DA35E004FC222 /* libpadamose.a */; };
		CDD36CE9215DA454004FC222 /* libpadamose.a in Frameworks */ = {isa = PBXBuildFile; fileRef = CDD36CD6215DA35E004FC222 /* libpadamose.a */; };
		CDD36CFC215DA75C004FC222 /* loguru.cpp in Sources */ = {isa = PBXBuildFile; fileRef = CDD36CD7215DA3A3004FC222 /* loguru.cpp */; };
		CDD36CFD215DA75D004FC222 /* loguru.cpp in Sources */ = {isa = PBXBuildFile; fileRef = CDD36CD7215DA3A3004FC222 /* loguru.cpp */; };
		CDD36CFE215DA75E004FC222 /* loguru.cpp in Sources */ = {isa = PBXBuildFile; fileRef = CDD36CD7215DA3A3004FC222 /* loguru.cpp */; };
		CDD36CFF215DA77D004FC222 /* main-util.cpp in Sources */ = {isa = PBXBuildFile; fileRef = CD0C3E6820C86FBA006E3B1C /* main-util.cpp */; };
		CDD36D012162A415004FC222 /* Format.h in Headers */ = {isa = PBXBuildFile; fileRef = CDD36D002162A415004FC222 /* Format.h */; };
		CDD36D032162A496004FC222 /* Format.cpp in Sources */ = {isa = PBXBuildFile; fileRef = CDD36D022162A496004FC222 /* Format.cpp */; };
		CDED583120BA1FD6003A2969 /* Exceptions.h in Headers */ = {isa = PBXBuildFile; fileRef = CDED581520BA1F38003A2969 /* Exceptions.h */; };
		CDED583220BA1FD6003A2969 /* PathMatch.cpp in Sources */ = {isa = PBXBuildFile; fileRef = CDED581620BA1F38003A2969 /* PathMatch.cpp */; };
		CDED583320BA1FD6003A2969 /* PathMatch.h in Headers */ = {isa = PBXBuildFile; fileRef = CDED581720BA1F38003A2969 /* PathMatch.h */; };
		CDED583420BA1FD6003A2969 /* Router.cpp in Sources */ = {isa = PBXBuildFile; fileRef = CDED581820BA1F38003A2969 /* Router.cpp */; };
		CDED583520BA1FD6003A2969 /* Router.h in Headers */ = {isa = PBXBuildFile; fileRef = CDED581920BA1F38003A2969 /* Router.h */; };
		CDED583620BA1FE0003A2969 /* PathTemplate.cpp in Sources */ = {isa = PBXBuildFile; fileRef = CDED581D20BA1F4E003A2969 /* PathTemplate.cpp */; };
		CDED583720BA1FE0003A2969 /* PathTemplate.h in Headers */ = {isa = PBXBuildFile; fileRef = CDED581E20BA1F4E003A2969 /* PathTemplate.h */; };
		CDED583820BA1FE0003A2969 /* PathTemplateParser.cpp in Sources */ = {isa = PBXBuildFile; fileRef = CDED581F20BA1F4E003A2969 /* PathTemplateParser.cpp */; };
		CDED583920BA1FE0003A2969 /* PathTemplateParser.h in Headers */ = {isa = PBXBuildFile; fileRef = CDED582020BA1F4E003A2969 /* PathTemplateParser.h */; };
		CDED583A20BA1FE0003A2969 /* RegexConverter.cpp in Sources */ = {isa = PBXBuildFile; fileRef = CDED582120BA1F4E003A2969 /* RegexConverter.cpp */; };
		CDED583B20BA1FE0003A2969 /* RegexConverter.h in Headers */ = {isa = PBXBuildFile; fileRef = CDED582220BA1F4E003A2969 /* RegexConverter.h */; };
		CDED583C20BA1FE0003A2969 /* StringTokenizer.cpp in Sources */ = {isa = PBXBuildFile; fileRef = CDED582320BA1F4E003A2969 /* StringTokenizer.cpp */; };
		CDED583D20BA1FE0003A2969 /* StringTokenizer.h in Headers */ = {isa = PBXBuildFile; fileRef = CDED582420BA1F4E003A2969 /* StringTokenizer.h */; };
		CDED584120BA2008003A2969 /* libcpprouter.a in Frameworks */ = {isa = PBXBuildFile; fileRef = CDED582D20BA1FCE003A2969 /* libcpprouter.a */; };
		CDED586320BA3981003A2969 /* libPocoCrypto.a in Frameworks */ = {isa = PBXBuildFile; fileRef = CDED585920BA3981003A2969 /* libPocoCrypto.a */; };
		CDED586420BA3981003A2969 /* libPocoEncodings.a in Frameworks */ = {isa = PBXBuildFile; fileRef = CDED585A20BA3981003A2969 /* libPocoEncodings.a */; };
		CDED586520BA3981003A2969 /* libPocoFoundation.a in Frameworks */ = {isa = PBXBuildFile; fileRef = CDED585B20BA3981003A2969 /* libPocoFoundation.a */; };
		CDED586620BA3981003A2969 /* libPocoJSON.a in Frameworks */ = {isa = PBXBuildFile; fileRef = CDED585C20BA3981003A2969 /* libPocoJSON.a */; };
		CDED586720BA3981003A2969 /* libPocoNet.a in Frameworks */ = {isa = PBXBuildFile; fileRef = CDED585D20BA3981003A2969 /* libPocoNet.a */; };
		CDED586820BA3981003A2969 /* libPocoNetSSL.a in Frameworks */ = {isa = PBXBuildFile; fileRef = CDED585E20BA3981003A2969 /* libPocoNetSSL.a */; };
		CDED586920BA3981003A2969 /* libPocoRedis.a in Frameworks */ = {isa = PBXBuildFile; fileRef = CDED585F20BA3981003A2969 /* libPocoRedis.a */; };
		CDED586A20BA3981003A2969 /* libPocoUtil.a in Frameworks */ = {isa = PBXBuildFile; fileRef = CDED586020BA3981003A2969 /* libPocoUtil.a */; };
		CDED586B20BA3981003A2969 /* libPocoXML.a in Frameworks */ = {isa = PBXBuildFile; fileRef = CDED586120BA3981003A2969 /* libPocoXML.a */; };
		CDED586C20BA3981003A2969 /* libPocoZip.a in Frameworks */ = {isa = PBXBuildFile; fileRef = CDED586220BA3981003A2969 /* libPocoZip.a */; };
		CDED587920BD1C5F003A2969 /* main-server.cpp in Sources */ = {isa = PBXBuildFile; fileRef = CD5C632420B524A30038EE98 /* main-server.cpp */; };
		CDED588120BD1C5F003A2969 /* libPocoUtil.a in Frameworks */ = {isa = PBXBuildFile; fileRef = CDED586020BA3981003A2969 /* libPocoUtil.a */; };
		CDED588220BD1C5F003A2969 /* libcpprouter.a in Frameworks */ = {isa = PBXBuildFile; fileRef = CDED582D20BA1FCE003A2969 /* libcpprouter.a */; };
		CDED588320BD1C5F003A2969 /* libPocoJSON.a in Frameworks */ = {isa = PBXBuildFile; fileRef = CDED585C20BA3981003A2969 /* libPocoJSON.a */; };
		CDED588420BD1C5F003A2969 /* libPocoFoundation.a in Frameworks */ = {isa = PBXBuildFile; fileRef = CDED585B20BA3981003A2969 /* libPocoFoundation.a */; };
		CDED588520BD1C5F003A2969 /* libPocoNetSSL.a in Frameworks */ = {isa = PBXBuildFile; fileRef = CDED585E20BA3981003A2969 /* libPocoNetSSL.a */; };
		CDED588620BD1C5F003A2969 /* libPocoRedis.a in Frameworks */ = {isa = PBXBuildFile; fileRef = CDED585F20BA3981003A2969 /* libPocoRedis.a */; };
		CDED588720BD1C5F003A2969 /* libPocoEncodings.a in Frameworks */ = {isa = PBXBuildFile; fileRef = CDED585A20BA3981003A2969 /* libPocoEncodings.a */; };
		CDED588820BD1C5F003A2969 /* libPocoNet.a in Frameworks */ = {isa = PBXBuildFile; fileRef = CDED585D20BA3981003A2969 /* libPocoNet.a */; };
		CDED588920BD1C5F003A2969 /* libPocoZip.a in Frameworks */ = {isa = PBXBuildFile; fileRef = CDED586220BA3981003A2969 /* libPocoZip.a */; };
		CDED588A20BD1C5F003A2969 /* libPocoXML.a in Frameworks */ = {isa = PBXBuildFile; fileRef = CDED586120BA3981003A2969 /* libPocoXML.a */; };
		CDED588B20BD1C5F003A2969 /* libPocoCrypto.a in Frameworks */ = {isa = PBXBuildFile; fileRef = CDED585920BA3981003A2969 /* libPocoCrypto.a */; };
		CDED589320BD1CCE003A2969 /* main-simulator.cpp in Sources */ = {isa = PBXBuildFile; fileRef = CD5C632320B524A30038EE98 /* main-simulator.cpp */; };
/* End PBXBuildFile section */

/* Begin PBXContainerItemProxy section */
		CD0C3E4120C86D88006E3B1C /* PBXContainerItemProxy */ = {
			isa = PBXContainerItemProxy;
			containerPortal = CD9345BA2093EB140077BAD4 /* Project object */;
			proxyType = 1;
			remoteGlobalIDString = CDED582C20BA1FCE003A2969;
			remoteInfo = "lib-simple-cpp-router";
		};
		CD4E8133210579C8007DA585 /* PBXContainerItemProxy */ = {
			isa = PBXContainerItemProxy;
			containerPortal = CD9345BA2093EB140077BAD4 /* Project object */;
			proxyType = 1;
			remoteGlobalIDString = CDED582C20BA1FCE003A2969;
			remoteInfo = "lib-simple-cpp-router";
		};
		CD4E81D22105942B007DA585 /* PBXContainerItemProxy */ = {
			isa = PBXContainerItemProxy;
			containerPortal = CD9345BA2093EB140077BAD4 /* Project object */;
			proxyType = 1;
			remoteGlobalIDString = CD4E817521059316007DA585;
			remoteInfo = "lib-volition";
		};
		CD4E81D52105943F007DA585 /* PBXContainerItemProxy */ = {
			isa = PBXContainerItemProxy;
			containerPortal = CD9345BA2093EB140077BAD4 /* Project object */;
			proxyType = 1;
			remoteGlobalIDString = CD4E817521059316007DA585;
			remoteInfo = "lib-volition";
		};
		CD4E81D821059450007DA585 /* PBXContainerItemProxy */ = {
			isa = PBXContainerItemProxy;
			containerPortal = CD9345BA2093EB140077BAD4 /* Project object */;
			proxyType = 1;
			remoteGlobalIDString = CD4E817521059316007DA585;
			remoteInfo = "lib-volition";
		};
		CD4E81DB21059463007DA585 /* PBXContainerItemProxy */ = {
			isa = PBXContainerItemProxy;
			containerPortal = CD9345BA2093EB140077BAD4 /* Project object */;
			proxyType = 1;
			remoteGlobalIDString = CD4E817521059316007DA585;
			remoteInfo = "lib-volition";
		};
		CDD36CD1215DA35E004FC222 /* PBXContainerItemProxy */ = {
			isa = PBXContainerItemProxy;
			containerPortal = CDD36CCA215DA35E004FC222 /* padamose.xcodeproj */;
			proxyType = 2;
			remoteGlobalIDString = CD4E8161210579C8007DA585;
			remoteInfo = gtest;
		};
		CDD36CD3215DA35E004FC222 /* PBXContainerItemProxy */ = {
			isa = PBXContainerItemProxy;
			containerPortal = CDD36CCA215DA35E004FC222 /* padamose.xcodeproj */;
			proxyType = 2;
			remoteGlobalIDString = CD4E8105210577FF007DA585;
			remoteInfo = "lib-gtest";
		};
		CDD36CD5215DA35E004FC222 /* PBXContainerItemProxy */ = {
			isa = PBXContainerItemProxy;
			containerPortal = CDD36CCA215DA35E004FC222 /* padamose.xcodeproj */;
			proxyType = 2;
			remoteGlobalIDString = CD4E818F21059316007DA585;
			remoteInfo = "lib-padamose";
		};
		CDD36CD9215DA3FD004FC222 /* PBXContainerItemProxy */ = {
			isa = PBXContainerItemProxy;
			containerPortal = CDD36CCA215DA35E004FC222 /* padamose.xcodeproj */;
			proxyType = 1;
			remoteGlobalIDString = CD4E80F1210577FF007DA585;
			remoteInfo = "lib-gtest";
		};
		CDD36CDB215DA3FD004FC222 /* PBXContainerItemProxy */ = {
			isa = PBXContainerItemProxy;
			containerPortal = CDD36CCA215DA35E004FC222 /* padamose.xcodeproj */;
			proxyType = 1;
			remoteGlobalIDString = CD4E817521059316007DA585;
			remoteInfo = "lib-padamose";
		};
		CDD36CDD215DA409004FC222 /* PBXContainerItemProxy */ = {
			isa = PBXContainerItemProxy;
			containerPortal = CDD36CCA215DA35E004FC222 /* padamose.xcodeproj */;
			proxyType = 1;
			remoteGlobalIDString = CD4E817521059316007DA585;
			remoteInfo = "lib-padamose";
		};
		CDD36CDF215DA410004FC222 /* PBXContainerItemProxy */ = {
			isa = PBXContainerItemProxy;
			containerPortal = CDD36CCA215DA35E004FC222 /* padamose.xcodeproj */;
			proxyType = 1;
			remoteGlobalIDString = CD4E817521059316007DA585;
			remoteInfo = "lib-padamose";
		};
		CDD36CE1215DA417004FC222 /* PBXContainerItemProxy */ = {
			isa = PBXContainerItemProxy;
			containerPortal = CDD36CCA215DA35E004FC222 /* padamose.xcodeproj */;
			proxyType = 1;
			remoteGlobalIDString = CD4E817521059316007DA585;
			remoteInfo = "lib-padamose";
		};
		CDD36CEE215DA69B004FC222 /* PBXContainerItemProxy */ = {
			isa = PBXContainerItemProxy;
			containerPortal = CD9345BA2093EB140077BAD4 /* Project object */;
			proxyType = 1;
			remoteGlobalIDString = CDED587420BD1C5F003A2969;
			remoteInfo = server;
		};
		CDD36CF0215DA69B004FC222 /* PBXContainerItemProxy */ = {
			isa = PBXContainerItemProxy;
			containerPortal = CD9345BA2093EB140077BAD4 /* Project object */;
			proxyType = 1;
			remoteGlobalIDString = CD9345C12093EB140077BAD4;
			remoteInfo = simulator;
		};
		CDD36CF2215DA69B004FC222 /* PBXContainerItemProxy */ = {
			isa = PBXContainerItemProxy;
			containerPortal = CD9345BA2093EB140077BAD4 /* Project object */;
			proxyType = 1;
			remoteGlobalIDString = CD0C3E3F20C86D88006E3B1C;
			remoteInfo = util;
		};
		CDD36CF4215DA69B004FC222 /* PBXContainerItemProxy */ = {
			isa = PBXContainerItemProxy;
			containerPortal = CD9345BA2093EB140077BAD4 /* Project object */;
			proxyType = 1;
			remoteGlobalIDString = CD4E8131210579C8007DA585;
			remoteInfo = "volition-gtest";
		};
		CDD36CF6215DA69B004FC222 /* PBXContainerItemProxy */ = {
			isa = PBXContainerItemProxy;
			containerPortal = CD9345BA2093EB140077BAD4 /* Project object */;
			proxyType = 1;
			remoteGlobalIDString = CDED582C20BA1FCE003A2969;
			remoteInfo = "lib-simple-cpp-router";
		};
		CDD36CF8215DA69B004FC222 /* PBXContainerItemProxy */ = {
			isa = PBXContainerItemProxy;
			containerPortal = CD9345BA2093EB140077BAD4 /* Project object */;
			proxyType = 1;
			remoteGlobalIDString = CD4E817521059316007DA585;
			remoteInfo = "lib-volition";
		};
		CDD36CFA215DA69B004FC222 /* PBXContainerItemProxy */ = {
			isa = PBXContainerItemProxy;
			containerPortal = CDD36CCA215DA35E004FC222 /* padamose.xcodeproj */;
			proxyType = 1;
			remoteGlobalIDString = CD2D3BFE215C9B2E0000A22E;
			remoteInfo = "padamose-all";
		};
		CDED583E20BA2001003A2969 /* PBXContainerItemProxy */ = {
			isa = PBXContainerItemProxy;
			containerPortal = CD9345BA2093EB140077BAD4 /* Project object */;
			proxyType = 1;
			remoteGlobalIDString = CDED582C20BA1FCE003A2969;
			remoteInfo = "lib-simple-cpp-router";
		};
		CDED587620BD1C5F003A2969 /* PBXContainerItemProxy */ = {
			isa = PBXContainerItemProxy;
			containerPortal = CD9345BA2093EB140077BAD4 /* Project object */;
			proxyType = 1;
			remoteGlobalIDString = CDED582C20BA1FCE003A2969;
			remoteInfo = "lib-simple-cpp-router";
		};
/* End PBXContainerItemProxy section */

/* Begin PBXCopyFilesBuildPhase section */
		CD9345C02093EB140077BAD4 /* CopyFiles */ = {
			isa = PBXCopyFilesBuildPhase;
			buildActionMask = 2147483647;
			dstPath = usr/share/man/man1;
			dstSubfolderSpec = 6;
			files = (
			);
			runOnlyForDeploymentPostprocessing = 1;
		};
/* End PBXCopyFilesBuildPhase section */

/* Begin PBXFileReference section */
		CD0C3E1020C14460006E3B1C /* WebMiner.cpp */ = {isa = PBXFileReference; fileEncoding = 4; lastKnownFileType = sourcecode.cpp.cpp; name = WebMiner.cpp; path = src/volition/WebMiner.cpp; sourceTree = "<group>"; };
		CD0C3E1120C14460006E3B1C /* WebMiner.h */ = {isa = PBXFileReference; fileEncoding = 4; lastKnownFileType = sourcecode.c.h; name = WebMiner.h; path = src/volition/WebMiner.h; sourceTree = "<group>"; };
		CD0C3E1420C14E8A006E3B1C /* TheTransactionFactory.cpp */ = {isa = PBXFileReference; fileEncoding = 4; lastKnownFileType = sourcecode.cpp.cpp; name = TheTransactionFactory.cpp; path = src/volition/TheTransactionFactory.cpp; sourceTree = "<group>"; };
		CD0C3E1520C14E8A006E3B1C /* TheTransactionFactory.h */ = {isa = PBXFileReference; fileEncoding = 4; lastKnownFileType = sourcecode.c.h; name = TheTransactionFactory.h; path = src/volition/TheTransactionFactory.h; sourceTree = "<group>"; };
		CD0C3E1820C25A00006E3B1C /* MinerInfo.cpp */ = {isa = PBXFileReference; fileEncoding = 4; lastKnownFileType = sourcecode.cpp.cpp; name = MinerInfo.cpp; path = src/volition/MinerInfo.cpp; sourceTree = "<group>"; };
		CD0C3E1920C25A00006E3B1C /* MinerInfo.h */ = {isa = PBXFileReference; fileEncoding = 4; lastKnownFileType = sourcecode.c.h; name = MinerInfo.h; path = src/volition/MinerInfo.h; sourceTree = "<group>"; };
		CD0C3E2020C25AF5006E3B1C /* Singleton.h */ = {isa = PBXFileReference; fileEncoding = 4; lastKnownFileType = sourcecode.c.h; name = Singleton.h; path = src/volition/Singleton.h; sourceTree = "<group>"; };
		CD0C3E2820C279FB006E3B1C /* Factory.h */ = {isa = PBXFileReference; lastKnownFileType = sourcecode.c.h; name = Factory.h; path = src/volition/Factory.h; sourceTree = "<group>"; };
		CD0C3E3320C65D7C006E3B1C /* SyncChainTask.cpp */ = {isa = PBXFileReference; fileEncoding = 4; lastKnownFileType = sourcecode.cpp.cpp; name = SyncChainTask.cpp; path = src/volition/SyncChainTask.cpp; sourceTree = "<group>"; };
		CD0C3E3420C65D7C006E3B1C /* SyncChainTask.h */ = {isa = PBXFileReference; fileEncoding = 4; lastKnownFileType = sourcecode.c.h; name = SyncChainTask.h; path = src/volition/SyncChainTask.h; sourceTree = "<group>"; };
		CD0C3E6720C86D88006E3B1C /* util */ = {isa = PBXFileReference; explicitFileType = "compiled.mach-o.executable"; includeInIndex = 0; path = util; sourceTree = BUILT_PRODUCTS_DIR; };
		CD0C3E6820C86FBA006E3B1C /* main-util.cpp */ = {isa = PBXFileReference; fileEncoding = 4; lastKnownFileType = sourcecode.cpp.cpp; name = "main-util.cpp"; path = "src/volition/main-util.cpp"; sourceTree = "<group>"; };
		CD240D2B21360BD900FF8812 /* ChainMetadata.cpp */ = {isa = PBXFileReference; fileEncoding = 4; lastKnownFileType = sourcecode.cpp.cpp; name = ChainMetadata.cpp; path = src/volition/ChainMetadata.cpp; sourceTree = "<group>"; };
		CD240D2C21360BD900FF8812 /* ChainMetadata.h */ = {isa = PBXFileReference; fileEncoding = 4; lastKnownFileType = sourcecode.c.h; name = ChainMetadata.h; path = src/volition/ChainMetadata.h; sourceTree = "<group>"; };
		CD36658920EB3BE0000E0B43 /* Miner.cpp */ = {isa = PBXFileReference; fileEncoding = 4; lastKnownFileType = sourcecode.cpp.cpp; name = Miner.cpp; path = src/volition/Miner.cpp; sourceTree = "<group>"; };
		CD36658A20EB3BE0000E0B43 /* Miner.h */ = {isa = PBXFileReference; fileEncoding = 4; lastKnownFileType = sourcecode.c.h; name = Miner.h; path = src/volition/Miner.h; sourceTree = "<group>"; };
		CD36659320EC40E4000E0B43 /* SimMiner.cpp */ = {isa = PBXFileReference; fileEncoding = 4; lastKnownFileType = sourcecode.cpp.cpp; name = SimMiner.cpp; path = src/volition/simulator/SimMiner.cpp; sourceTree = "<group>"; };
		CD36659420EC40E4000E0B43 /* SimMiner.h */ = {isa = PBXFileReference; fileEncoding = 4; lastKnownFileType = sourcecode.c.h; name = SimMiner.h; path = src/volition/simulator/SimMiner.h; sourceTree = "<group>"; };
		CD36662C20F56D9A000E0B43 /* TheWebMiner.cpp */ = {isa = PBXFileReference; fileEncoding = 4; lastKnownFileType = sourcecode.cpp.cpp; name = TheWebMiner.cpp; path = src/volition/TheWebMiner.cpp; sourceTree = "<group>"; };
		CD36662D20F56D9A000E0B43 /* TheWebMiner.h */ = {isa = PBXFileReference; fileEncoding = 4; lastKnownFileType = sourcecode.c.h; name = TheWebMiner.h; path = src/volition/TheWebMiner.h; sourceTree = "<group>"; };
		CD36662F20F585D8000E0B43 /* AbstractAPIRequestHandler.cpp */ = {isa = PBXFileReference; fileEncoding = 4; lastKnownFileType = sourcecode.cpp.cpp; name = AbstractAPIRequestHandler.cpp; path = src/volition/AbstractAPIRequestHandler.cpp; sourceTree = "<group>"; };
		CD36663020F585D8000E0B43 /* AbstractAPIRequestHandler.h */ = {isa = PBXFileReference; fileEncoding = 4; lastKnownFileType = sourcecode.c.h; name = AbstractAPIRequestHandler.h; path = src/volition/AbstractAPIRequestHandler.h; sourceTree = "<group>"; };
		CD36663720F595B2000E0B43 /* FNV1a.h */ = {isa = PBXFileReference; fileEncoding = 4; lastKnownFileType = sourcecode.c.h; name = FNV1a.h; path = src/volition/FNV1a.h; sourceTree = "<group>"; };
		CD36663B20F5A5F3000E0B43 /* TheWebMinerAPI.h */ = {isa = PBXFileReference; fileEncoding = 4; lastKnownFileType = sourcecode.c.h; name = TheWebMinerAPI.h; path = src/volition/TheWebMinerAPI.h; sourceTree = "<group>"; };
		CD36664120F6B404000E0B43 /* Transactions.h */ = {isa = PBXFileReference; lastKnownFileType = sourcecode.c.h; name = Transactions.h; path = src/volition/Transactions.h; sourceTree = "<group>"; };
		CD36664820F73027000E0B43 /* AbstractSerializable.h */ = {isa = PBXFileReference; lastKnownFileType = sourcecode.c.h; name = AbstractSerializable.h; path = src/volition/serialization/AbstractSerializable.h; sourceTree = "<group>"; };
		CD36664920F7304C000E0B43 /* AbstractSerializer.h */ = {isa = PBXFileReference; lastKnownFileType = sourcecode.c.h; name = AbstractSerializer.h; path = src/volition/serialization/AbstractSerializer.h; sourceTree = "<group>"; };
		CD36664A20F730AA000E0B43 /* DigestSerializer.h */ = {isa = PBXFileReference; lastKnownFileType = sourcecode.c.h; name = DigestSerializer.h; path = src/volition/serialization/DigestSerializer.h; sourceTree = "<group>"; };
		CD36664B20F730AA000E0B43 /* FromJSONSerializer.h */ = {isa = PBXFileReference; lastKnownFileType = sourcecode.c.h; name = FromJSONSerializer.h; path = src/volition/serialization/FromJSONSerializer.h; sourceTree = "<group>"; };
		CD36664C20F730AA000E0B43 /* ToJSONSerializer.h */ = {isa = PBXFileReference; lastKnownFileType = sourcecode.c.h; name = ToJSONSerializer.h; path = src/volition/serialization/ToJSONSerializer.h; sourceTree = "<group>"; };
		CD36664D20F73261000E0B43 /* Serialization.h */ = {isa = PBXFileReference; lastKnownFileType = sourcecode.c.h; name = Serialization.h; path = src/volition/serialization/Serialization.h; sourceTree = "<group>"; };
		CD36664E20F73FE4000E0B43 /* JSONSerializer.h */ = {isa = PBXFileReference; lastKnownFileType = sourcecode.c.h; name = JSONSerializer.h; path = src/volition/serialization/JSONSerializer.h; sourceTree = "<group>"; };
		CD46659C20BE908300A02D55 /* Block.cpp */ = {isa = PBXFileReference; fileEncoding = 4; lastKnownFileType = sourcecode.cpp.cpp; name = Block.cpp; path = src/volition/Block.cpp; sourceTree = "<group>"; };
		CD46659D20BE908300A02D55 /* Block.h */ = {isa = PBXFileReference; fileEncoding = 4; lastKnownFileType = sourcecode.c.h; name = Block.h; path = src/volition/Block.h; sourceTree = "<group>"; };
		CD4665A020BE9CE000A02D55 /* libcrypto.a */ = {isa = PBXFileReference; lastKnownFileType = archive.ar; name = libcrypto.a; path = ../../../../../usr/local/Cellar/openssl/1.0.2o_1/lib/libcrypto.a; sourceTree = "<group>"; };
		CD4665A120BE9CE000A02D55 /* libssl.a */ = {isa = PBXFileReference; lastKnownFileType = archive.ar; name = libssl.a; path = ../../../../../usr/local/Cellar/openssl/1.0.2o_1/lib/libssl.a; sourceTree = "<group>"; };
		CD4665A620BEABE100A02D55 /* AbstractRequestHandler.cpp */ = {isa = PBXFileReference; fileEncoding = 4; lastKnownFileType = sourcecode.cpp.cpp; name = AbstractRequestHandler.cpp; path = src/volition/AbstractRequestHandler.cpp; sourceTree = "<group>"; };
		CD4665A720BEABE100A02D55 /* AbstractRequestHandler.h */ = {isa = PBXFileReference; fileEncoding = 4; lastKnownFileType = sourcecode.c.h; name = AbstractRequestHandler.h; path = src/volition/AbstractRequestHandler.h; sourceTree = "<group>"; };
		CD4665AB20BFF3DD00A02D55 /* AbstractTransaction.cpp */ = {isa = PBXFileReference; fileEncoding = 4; lastKnownFileType = sourcecode.cpp.cpp; name = AbstractTransaction.cpp; path = src/volition/AbstractTransaction.cpp; sourceTree = "<group>"; };
		CD4665AC20BFF3DD00A02D55 /* AbstractTransaction.h */ = {isa = PBXFileReference; fileEncoding = 4; lastKnownFileType = sourcecode.c.h; name = AbstractTransaction.h; path = src/volition/AbstractTransaction.h; sourceTree = "<group>"; };
		CD4E80D62102BB57007DA585 /* CryptoKey.cpp */ = {isa = PBXFileReference; fileEncoding = 4; lastKnownFileType = sourcecode.cpp.cpp; name = CryptoKey.cpp; path = src/volition/CryptoKey.cpp; sourceTree = "<group>"; };
		CD4E80D72102BB57007DA585 /* CryptoKey.h */ = {isa = PBXFileReference; fileEncoding = 4; lastKnownFileType = sourcecode.c.h; name = CryptoKey.h; path = src/volition/CryptoKey.h; sourceTree = "<group>"; };
		CD4E80DC21031AB0007DA585 /* Digest.h */ = {isa = PBXFileReference; fileEncoding = 4; lastKnownFileType = sourcecode.c.h; name = Digest.h; path = src/volition/Digest.h; sourceTree = "<group>"; };
		CD4E80E121031FC9007DA585 /* AbstractStringifiable.h */ = {isa = PBXFileReference; lastKnownFileType = sourcecode.c.h; name = AbstractStringifiable.h; path = src/volition/serialization/AbstractStringifiable.h; sourceTree = "<group>"; };
		CD4E80E221033E44007DA585 /* SortedDigestSerializer.h */ = {isa = PBXFileReference; lastKnownFileType = sourcecode.c.h; name = SortedDigestSerializer.h; path = src/volition/serialization/SortedDigestSerializer.h; sourceTree = "<group>"; };
		CD4E8161210579C8007DA585 /* volition-gtest */ = {isa = PBXFileReference; explicitFileType = "compiled.mach-o.executable"; includeInIndex = 0; path = "volition-gtest"; sourceTree = BUILT_PRODUCTS_DIR; };
		CD4E816B21057DD1007DA585 /* main-gtest.cpp */ = {isa = PBXFileReference; fileEncoding = 4; lastKnownFileType = sourcecode.cpp.cpp; name = "main-gtest.cpp"; path = "src/volition/gtest/main-gtest.cpp"; sourceTree = "<group>"; };
		CD4E818F21059316007DA585 /* libvolition.a */ = {isa = PBXFileReference; explicitFileType = archive.ar; includeInIndex = 0; path = libvolition.a; sourceTree = BUILT_PRODUCTS_DIR; };
		CD59F3B120E889A000705AEB /* Signature.cpp */ = {isa = PBXFileReference; fileEncoding = 4; lastKnownFileType = sourcecode.cpp.cpp; name = Signature.cpp; path = src/volition/Signature.cpp; sourceTree = "<group>"; };
		CD59F3B220E889A000705AEB /* Signature.h */ = {isa = PBXFileReference; fileEncoding = 4; lastKnownFileType = sourcecode.c.h; name = Signature.h; path = src/volition/Signature.h; sourceTree = "<group>"; };
		CD59F3BB20E8950100705AEB /* Policy.cpp */ = {isa = PBXFileReference; fileEncoding = 4; lastKnownFileType = sourcecode.cpp.cpp; name = Policy.cpp; path = src/volition/Policy.cpp; sourceTree = "<group>"; };
		CD59F3BC20E8950100705AEB /* Policy.h */ = {isa = PBXFileReference; fileEncoding = 4; lastKnownFileType = sourcecode.c.h; name = Policy.h; path = src/volition/Policy.h; sourceTree = "<group>"; };
		CD59F3D920E9BEC100705AEB /* TransactionMakerSignature.cpp */ = {isa = PBXFileReference; fileEncoding = 4; lastKnownFileType = sourcecode.cpp.cpp; name = TransactionMakerSignature.cpp; path = src/volition/TransactionMakerSignature.cpp; sourceTree = "<group>"; };
		CD59F3DA20E9BEC100705AEB /* TransactionMakerSignature.h */ = {isa = PBXFileReference; fileEncoding = 4; lastKnownFileType = sourcecode.c.h; name = TransactionMakerSignature.h; path = src/volition/TransactionMakerSignature.h; sourceTree = "<group>"; };
		CD5C62FA20B4F7B10038EE98 /* common.h */ = {isa = PBXFileReference; fileEncoding = 4; lastKnownFileType = sourcecode.c.h; name = common.h; path = src/volition/common.h; sourceTree = "<group>"; };
		CD5C632320B524A30038EE98 /* main-simulator.cpp */ = {isa = PBXFileReference; fileEncoding = 4; lastKnownFileType = sourcecode.cpp.cpp; name = "main-simulator.cpp"; path = "src/volition/main-simulator.cpp"; sourceTree = "<group>"; };
		CD5C632420B524A30038EE98 /* main-server.cpp */ = {isa = PBXFileReference; fileEncoding = 4; lastKnownFileType = sourcecode.cpp.cpp; name = "main-server.cpp"; path = "src/volition/main-server.cpp"; sourceTree = "<group>"; };
		CD7791FB20F93B1E0058EBAC /* SerializablePtr.h */ = {isa = PBXFileReference; fileEncoding = 4; lastKnownFileType = sourcecode.c.h; name = SerializablePtr.h; path = src/volition/serialization/SerializablePtr.h; sourceTree = "<group>"; };
		CD7791FC20F93B1E0058EBAC /* SerializableSet.h */ = {isa = PBXFileReference; fileEncoding = 4; lastKnownFileType = sourcecode.c.h; name = SerializableSet.h; path = src/volition/serialization/SerializableSet.h; sourceTree = "<group>"; };
		CD7791FD20F93B1E0058EBAC /* SerializableVector.h */ = {isa = PBXFileReference; fileEncoding = 4; lastKnownFileType = sourcecode.c.h; name = SerializableVector.h; path = src/volition/serialization/SerializableVector.h; sourceTree = "<group>"; };
		CD9345C22093EB140077BAD4 /* simulator */ = {isa = PBXFileReference; explicitFileType = "compiled.mach-o.executable"; includeInIndex = 0; path = simulator; sourceTree = BUILT_PRODUCTS_DIR; };
		CDC1388F212FCFDF004FA594 /* TestChain.cpp */ = {isa = PBXFileReference; fileEncoding = 4; lastKnownFileType = sourcecode.cpp.cpp; name = TestChain.cpp; path = src/volition/gtest/TestChain.cpp; sourceTree = "<group>"; };
		CDC2B31420CCAD2400300A96 /* State.cpp */ = {isa = PBXFileReference; fileEncoding = 4; lastKnownFileType = sourcecode.cpp.cpp; name = State.cpp; path = src/volition/State.cpp; sourceTree = "<group>"; };
		CDC2B31520CCAD2400300A96 /* State.h */ = {isa = PBXFileReference; fileEncoding = 4; lastKnownFileType = sourcecode.c.h; name = State.h; path = src/volition/State.h; sourceTree = "<group>"; };
		CDC2B31B20CE0FA100300A96 /* Analysis.cpp */ = {isa = PBXFileReference; fileEncoding = 4; lastKnownFileType = sourcecode.cpp.cpp; name = Analysis.cpp; path = src/volition/simulator/Analysis.cpp; sourceTree = "<group>"; };
		CDC2B31C20CE0FA100300A96 /* Analysis.h */ = {isa = PBXFileReference; fileEncoding = 4; lastKnownFileType = sourcecode.c.h; name = Analysis.h; path = src/volition/simulator/Analysis.h; sourceTree = "<group>"; };
		CDC2B31F20CE0FA100300A96 /* Cohort.cpp */ = {isa = PBXFileReference; fileEncoding = 4; lastKnownFileType = sourcecode.cpp.cpp; name = Cohort.cpp; path = src/volition/simulator/Cohort.cpp; sourceTree = "<group>"; };
		CDC2B32020CE0FA100300A96 /* Cohort.h */ = {isa = PBXFileReference; fileEncoding = 4; lastKnownFileType = sourcecode.c.h; name = Cohort.h; path = src/volition/simulator/Cohort.h; sourceTree = "<group>"; };
		CDC2B32120CE0FA100300A96 /* TheSimulator.cpp */ = {isa = PBXFileReference; fileEncoding = 4; lastKnownFileType = sourcecode.cpp.cpp; name = TheSimulator.cpp; path = src/volition/simulator/TheSimulator.cpp; sourceTree = "<group>"; };
		CDC2B32220CE0FA100300A96 /* TheSimulator.h */ = {isa = PBXFileReference; fileEncoding = 4; lastKnownFileType = sourcecode.c.h; name = TheSimulator.h; path = src/volition/simulator/TheSimulator.h; sourceTree = "<group>"; };
		CDC2B32520CE0FA100300A96 /* Scenario.h */ = {isa = PBXFileReference; fileEncoding = 4; lastKnownFileType = sourcecode.c.h; name = Scenario.h; path = src/volition/simulator/Scenario.h; sourceTree = "<group>"; };
		CDC2B33520CE112F00300A96 /* Chain.cpp */ = {isa = PBXFileReference; fileEncoding = 4; lastKnownFileType = sourcecode.cpp.cpp; name = Chain.cpp; path = src/volition/Chain.cpp; sourceTree = "<group>"; };
		CDC2B33620CE112F00300A96 /* Chain.h */ = {isa = PBXFileReference; fileEncoding = 4; lastKnownFileType = sourcecode.c.h; name = Chain.h; path = src/volition/Chain.h; sourceTree = "<group>"; };
		CDC2B34120D1182400300A96 /* TheContext.h */ = {isa = PBXFileReference; fileEncoding = 4; lastKnownFileType = sourcecode.c.h; name = TheContext.h; path = src/volition/TheContext.h; sourceTree = "<group>"; };
		CDC2B34220D1196900300A96 /* TheContext.cpp */ = {isa = PBXFileReference; fileEncoding = 4; lastKnownFileType = sourcecode.cpp.cpp; name = TheContext.cpp; path = src/volition/TheContext.cpp; sourceTree = "<group>"; };
		CDD36CCA215DA35E004FC222 /* padamose.xcodeproj */ = {isa = PBXFileReference; lastKnownFileType = "wrapper.pb-project"; name = padamose.xcodeproj; path = "3rd-party/padamose/padamose.xcodeproj"; sourceTree = "<group>"; };
		CDD36CD7215DA3A3004FC222 /* loguru.cpp */ = {isa = PBXFileReference; fileEncoding = 4; lastKnownFileType = sourcecode.cpp.cpp; name = loguru.cpp; path = src/volition/loguru.cpp; sourceTree = "<group>"; };
		CDD36D002162A415004FC222 /* Format.h */ = {isa = PBXFileReference; fileEncoding = 4; lastKnownFileType = sourcecode.c.h; name = Format.h; path = src/volition/Format.h; sourceTree = "<group>"; };
		CDD36D022162A496004FC222 /* Format.cpp */ = {isa = PBXFileReference; fileEncoding = 4; lastKnownFileType = sourcecode.cpp.cpp; name = Format.cpp; path = src/volition/Format.cpp; sourceTree = "<group>"; };
		CDED581520BA1F38003A2969 /* Exceptions.h */ = {isa = PBXFileReference; fileEncoding = 4; lastKnownFileType = sourcecode.c.h; name = Exceptions.h; path = "3rd-party/simple-cpp-router/src/Routing/Exceptions.h"; sourceTree = "<group>"; };
		CDED581620BA1F38003A2969 /* PathMatch.cpp */ = {isa = PBXFileReference; fileEncoding = 4; lastKnownFileType = sourcecode.cpp.cpp; name = PathMatch.cpp; path = "3rd-party/simple-cpp-router/src/Routing/PathMatch.cpp"; sourceTree = "<group>"; };
		CDED581720BA1F38003A2969 /* PathMatch.h */ = {isa = PBXFileReference; fileEncoding = 4; lastKnownFileType = sourcecode.c.h; name = PathMatch.h; path = "3rd-party/simple-cpp-router/src/Routing/PathMatch.h"; sourceTree = "<group>"; };
		CDED581820BA1F38003A2969 /* Router.cpp */ = {isa = PBXFileReference; fileEncoding = 4; lastKnownFileType = sourcecode.cpp.cpp; name = Router.cpp; path = "3rd-party/simple-cpp-router/src/Routing/Router.cpp"; sourceTree = "<group>"; };
		CDED581920BA1F38003A2969 /* Router.h */ = {isa = PBXFileReference; fileEncoding = 4; lastKnownFileType = sourcecode.c.h; name = Router.h; path = "3rd-party/simple-cpp-router/src/Routing/Router.h"; sourceTree = "<group>"; };
		CDED581D20BA1F4E003A2969 /* PathTemplate.cpp */ = {isa = PBXFileReference; fileEncoding = 4; lastKnownFileType = sourcecode.cpp.cpp; name = PathTemplate.cpp; path = "3rd-party/simple-cpp-router/src/Routing/Details/PathTemplate.cpp"; sourceTree = "<group>"; };
		CDED581E20BA1F4E003A2969 /* PathTemplate.h */ = {isa = PBXFileReference; fileEncoding = 4; lastKnownFileType = sourcecode.c.h; name = PathTemplate.h; path = "3rd-party/simple-cpp-router/src/Routing/Details/PathTemplate.h"; sourceTree = "<group>"; };
		CDED581F20BA1F4E003A2969 /* PathTemplateParser.cpp */ = {isa = PBXFileReference; fileEncoding = 4; lastKnownFileType = sourcecode.cpp.cpp; name = PathTemplateParser.cpp; path = "3rd-party/simple-cpp-router/src/Routing/Details/PathTemplateParser.cpp"; sourceTree = "<group>"; };
		CDED582020BA1F4E003A2969 /* PathTemplateParser.h */ = {isa = PBXFileReference; fileEncoding = 4; lastKnownFileType = sourcecode.c.h; name = PathTemplateParser.h; path = "3rd-party/simple-cpp-router/src/Routing/Details/PathTemplateParser.h"; sourceTree = "<group>"; };
		CDED582120BA1F4E003A2969 /* RegexConverter.cpp */ = {isa = PBXFileReference; fileEncoding = 4; lastKnownFileType = sourcecode.cpp.cpp; name = RegexConverter.cpp; path = "3rd-party/simple-cpp-router/src/Routing/Details/RegexConverter.cpp"; sourceTree = "<group>"; };
		CDED582220BA1F4E003A2969 /* RegexConverter.h */ = {isa = PBXFileReference; fileEncoding = 4; lastKnownFileType = sourcecode.c.h; name = RegexConverter.h; path = "3rd-party/simple-cpp-router/src/Routing/Details/RegexConverter.h"; sourceTree = "<group>"; };
		CDED582320BA1F4E003A2969 /* StringTokenizer.cpp */ = {isa = PBXFileReference; fileEncoding = 4; lastKnownFileType = sourcecode.cpp.cpp; name = StringTokenizer.cpp; path = "3rd-party/simple-cpp-router/src/Routing/Details/StringTokenizer.cpp"; sourceTree = "<group>"; };
		CDED582420BA1F4E003A2969 /* StringTokenizer.h */ = {isa = PBXFileReference; fileEncoding = 4; lastKnownFileType = sourcecode.c.h; name = StringTokenizer.h; path = "3rd-party/simple-cpp-router/src/Routing/Details/StringTokenizer.h"; sourceTree = "<group>"; };
		CDED582D20BA1FCE003A2969 /* libcpprouter.a */ = {isa = PBXFileReference; explicitFileType = archive.ar; includeInIndex = 0; path = libcpprouter.a; sourceTree = BUILT_PRODUCTS_DIR; };
		CDED584220BA2131003A2969 /* RouteTable.cpp */ = {isa = PBXFileReference; fileEncoding = 4; lastKnownFileType = sourcecode.cpp.cpp; name = RouteTable.cpp; path = src/volition/RouteTable.cpp; sourceTree = "<group>"; };
		CDED584320BA2131003A2969 /* RouteTable.h */ = {isa = PBXFileReference; fileEncoding = 4; lastKnownFileType = sourcecode.c.h; name = RouteTable.h; path = src/volition/RouteTable.h; sourceTree = "<group>"; };
		CDED585920BA3981003A2969 /* libPocoCrypto.a */ = {isa = PBXFileReference; lastKnownFileType = archive.ar; name = libPocoCrypto.a; path = poco/lib/libPocoCrypto.a; sourceTree = "<group>"; };
		CDED585A20BA3981003A2969 /* libPocoEncodings.a */ = {isa = PBXFileReference; lastKnownFileType = archive.ar; name = libPocoEncodings.a; path = poco/lib/libPocoEncodings.a; sourceTree = "<group>"; };
		CDED585B20BA3981003A2969 /* libPocoFoundation.a */ = {isa = PBXFileReference; lastKnownFileType = archive.ar; name = libPocoFoundation.a; path = poco/lib/libPocoFoundation.a; sourceTree = "<group>"; };
		CDED585C20BA3981003A2969 /* libPocoJSON.a */ = {isa = PBXFileReference; lastKnownFileType = archive.ar; name = libPocoJSON.a; path = poco/lib/libPocoJSON.a; sourceTree = "<group>"; };
		CDED585D20BA3981003A2969 /* libPocoNet.a */ = {isa = PBXFileReference; lastKnownFileType = archive.ar; name = libPocoNet.a; path = poco/lib/libPocoNet.a; sourceTree = "<group>"; };
		CDED585E20BA3981003A2969 /* libPocoNetSSL.a */ = {isa = PBXFileReference; lastKnownFileType = archive.ar; name = libPocoNetSSL.a; path = poco/lib/libPocoNetSSL.a; sourceTree = "<group>"; };
		CDED585F20BA3981003A2969 /* libPocoRedis.a */ = {isa = PBXFileReference; lastKnownFileType = archive.ar; name = libPocoRedis.a; path = poco/lib/libPocoRedis.a; sourceTree = "<group>"; };
		CDED586020BA3981003A2969 /* libPocoUtil.a */ = {isa = PBXFileReference; lastKnownFileType = archive.ar; name = libPocoUtil.a; path = poco/lib/libPocoUtil.a; sourceTree = "<group>"; };
		CDED586120BA3981003A2969 /* libPocoXML.a */ = {isa = PBXFileReference; lastKnownFileType = archive.ar; name = libPocoXML.a; path = poco/lib/libPocoXML.a; sourceTree = "<group>"; };
		CDED586220BA3981003A2969 /* libPocoZip.a */ = {isa = PBXFileReference; lastKnownFileType = archive.ar; name = libPocoZip.a; path = poco/lib/libPocoZip.a; sourceTree = "<group>"; };
		CDED589020BD1C5F003A2969 /* server */ = {isa = PBXFileReference; explicitFileType = "compiled.mach-o.executable"; includeInIndex = 0; path = server; sourceTree = BUILT_PRODUCTS_DIR; };
/* End PBXFileReference section */

/* Begin PBXFrameworksBuildPhase section */
		CD0C3E5520C86D88006E3B1C /* Frameworks */ = {
			isa = PBXFrameworksBuildPhase;
			buildActionMask = 2147483647;
			files = (
				CD0C3E5720C86D88006E3B1C /* libcpprouter.a in Frameworks */,
				CDD36CE9215DA454004FC222 /* libpadamose.a in Frameworks */,
				CD4E81DD2105946A007DA585 /* libvolition.a in Frameworks */,
				CD0C3E5620C86D88006E3B1C /* libPocoUtil.a in Frameworks */,
				CD0C3E5820C86D88006E3B1C /* libcrypto.a in Frameworks */,
				CD0C3E5920C86D88006E3B1C /* libPocoJSON.a in Frameworks */,
				CD0C3E5A20C86D88006E3B1C /* libPocoFoundation.a in Frameworks */,
				CD0C3E5B20C86D88006E3B1C /* libPocoNetSSL.a in Frameworks */,
				CD0C3E5C20C86D88006E3B1C /* libPocoRedis.a in Frameworks */,
				CD0C3E5D20C86D88006E3B1C /* libPocoEncodings.a in Frameworks */,
				CD0C3E5E20C86D88006E3B1C /* libPocoNet.a in Frameworks */,
				CD0C3E5F20C86D88006E3B1C /* libPocoZip.a in Frameworks */,
				CD0C3E6020C86D88006E3B1C /* libPocoXML.a in Frameworks */,
				CD0C3E6120C86D88006E3B1C /* libssl.a in Frameworks */,
				CD0C3E6220C86D88006E3B1C /* libPocoCrypto.a in Frameworks */,
			);
			runOnlyForDeploymentPostprocessing = 0;
		};
		CD4E814F210579C8007DA585 /* Frameworks */ = {
			isa = PBXFrameworksBuildPhase;
			buildActionMask = 2147483647;
			files = (
				CDD36CE3215DA428004FC222 /* libgtest.a in Frameworks */,
				CD4E817221057E91007DA585 /* libcpprouter.a in Frameworks */,
				CDD36CE4215DA429004FC222 /* libpadamose.a in Frameworks */,
				CD4E81D421059435007DA585 /* libvolition.a in Frameworks */,
				CD4E8150210579C8007DA585 /* libPocoUtil.a in Frameworks */,
				CD4E8152210579C8007DA585 /* libcrypto.a in Frameworks */,
				CD4E8153210579C8007DA585 /* libPocoJSON.a in Frameworks */,
				CD4E8154210579C8007DA585 /* libPocoFoundation.a in Frameworks */,
				CD4E8155210579C8007DA585 /* libPocoNetSSL.a in Frameworks */,
				CD4E8156210579C8007DA585 /* libPocoRedis.a in Frameworks */,
				CD4E8157210579C8007DA585 /* libPocoEncodings.a in Frameworks */,
				CD4E8158210579C8007DA585 /* libPocoNet.a in Frameworks */,
				CD4E8159210579C8007DA585 /* libPocoZip.a in Frameworks */,
				CD4E815A210579C8007DA585 /* libPocoXML.a in Frameworks */,
				CD4E815B210579C8007DA585 /* libssl.a in Frameworks */,
				CD4E815C210579C8007DA585 /* libPocoCrypto.a in Frameworks */,
			);
			runOnlyForDeploymentPostprocessing = 0;
		};
		CD4E817F21059316007DA585 /* Frameworks */ = {
			isa = PBXFrameworksBuildPhase;
			buildActionMask = 2147483647;
			files = (
			);
			runOnlyForDeploymentPostprocessing = 0;
		};
		CD9345BF2093EB140077BAD4 /* Frameworks */ = {
			isa = PBXFrameworksBuildPhase;
			buildActionMask = 2147483647;
			files = (
				CDED584120BA2008003A2969 /* libcpprouter.a in Frameworks */,
				CDD36CE8215DA44C004FC222 /* libpadamose.a in Frameworks */,
				CD4E81DA2105945A007DA585 /* libvolition.a in Frameworks */,
				CDED586A20BA3981003A2969 /* libPocoUtil.a in Frameworks */,
				CD4665A320BE9CE000A02D55 /* libcrypto.a in Frameworks */,
				CDED586620BA3981003A2969 /* libPocoJSON.a in Frameworks */,
				CDED586520BA3981003A2969 /* libPocoFoundation.a in Frameworks */,
				CDED586820BA3981003A2969 /* libPocoNetSSL.a in Frameworks */,
				CDED586920BA3981003A2969 /* libPocoRedis.a in Frameworks */,
				CDED586420BA3981003A2969 /* libPocoEncodings.a in Frameworks */,
				CDED586720BA3981003A2969 /* libPocoNet.a in Frameworks */,
				CDED586C20BA3981003A2969 /* libPocoZip.a in Frameworks */,
				CDED586B20BA3981003A2969 /* libPocoXML.a in Frameworks */,
				CD4665A520BE9CE000A02D55 /* libssl.a in Frameworks */,
				CDED586320BA3981003A2969 /* libPocoCrypto.a in Frameworks */,
			);
			runOnlyForDeploymentPostprocessing = 0;
		};
		CDED582A20BA1FCE003A2969 /* Frameworks */ = {
			isa = PBXFrameworksBuildPhase;
			buildActionMask = 2147483647;
			files = (
			);
			runOnlyForDeploymentPostprocessing = 0;
		};
		CDED588020BD1C5F003A2969 /* Frameworks */ = {
			isa = PBXFrameworksBuildPhase;
			buildActionMask = 2147483647;
			files = (
				CDED588220BD1C5F003A2969 /* libcpprouter.a in Frameworks */,
				CDD36CE7215DA444004FC222 /* libpadamose.a in Frameworks */,
				CD4E81D721059447007DA585 /* libvolition.a in Frameworks */,
				CDED588120BD1C5F003A2969 /* libPocoUtil.a in Frameworks */,
				CD4665A220BE9CE000A02D55 /* libcrypto.a in Frameworks */,
				CDED588320BD1C5F003A2969 /* libPocoJSON.a in Frameworks */,
				CDED588420BD1C5F003A2969 /* libPocoFoundation.a in Frameworks */,
				CDED588520BD1C5F003A2969 /* libPocoNetSSL.a in Frameworks */,
				CDED588620BD1C5F003A2969 /* libPocoRedis.a in Frameworks */,
				CDED588720BD1C5F003A2969 /* libPocoEncodings.a in Frameworks */,
				CDED588820BD1C5F003A2969 /* libPocoNet.a in Frameworks */,
				CDED588920BD1C5F003A2969 /* libPocoZip.a in Frameworks */,
				CDED588A20BD1C5F003A2969 /* libPocoXML.a in Frameworks */,
				CD4665A420BE9CE000A02D55 /* libssl.a in Frameworks */,
				CDED588B20BD1C5F003A2969 /* libPocoCrypto.a in Frameworks */,
			);
			runOnlyForDeploymentPostprocessing = 0;
		};
/* End PBXFrameworksBuildPhase section */

/* Begin PBXGroup section */
		CD0C3E0F20C14410006E3B1C /* miner */ = {
			isa = PBXGroup;
			children = (
				CD0C3E3320C65D7C006E3B1C /* SyncChainTask.cpp */,
				CD0C3E3420C65D7C006E3B1C /* SyncChainTask.h */,
				CD36658920EB3BE0000E0B43 /* Miner.cpp */,
				CD36658A20EB3BE0000E0B43 /* Miner.h */,
				CD36662C20F56D9A000E0B43 /* TheWebMiner.cpp */,
				CD36662D20F56D9A000E0B43 /* TheWebMiner.h */,
				CD36663B20F5A5F3000E0B43 /* TheWebMinerAPI.h */,
				CD0C3E1020C14460006E3B1C /* WebMiner.cpp */,
				CD0C3E1120C14460006E3B1C /* WebMiner.h */,
			);
			name = miner;
			sourceTree = "<group>";
		};
		CD36664720F72F94000E0B43 /* serialization */ = {
			isa = PBXGroup;
			children = (
				CD36664820F73027000E0B43 /* AbstractSerializable.h */,
				CD36664920F7304C000E0B43 /* AbstractSerializer.h */,
				CD4E80E121031FC9007DA585 /* AbstractStringifiable.h */,
				CD36664A20F730AA000E0B43 /* DigestSerializer.h */,
				CD36664B20F730AA000E0B43 /* FromJSONSerializer.h */,
				CD36664E20F73FE4000E0B43 /* JSONSerializer.h */,
				CD7791FB20F93B1E0058EBAC /* SerializablePtr.h */,
				CD7791FC20F93B1E0058EBAC /* SerializableSet.h */,
				CD7791FD20F93B1E0058EBAC /* SerializableVector.h */,
				CD36664D20F73261000E0B43 /* Serialization.h */,
				CD4E80E221033E44007DA585 /* SortedDigestSerializer.h */,
				CD36664C20F730AA000E0B43 /* ToJSONSerializer.h */,
			);
			name = serialization;
			sourceTree = "<group>";
		};
		CD4665AA20BFE49000A02D55 /* ledger */ = {
			isa = PBXGroup;
			children = (
				CD46659C20BE908300A02D55 /* Block.cpp */,
				CD46659D20BE908300A02D55 /* Block.h */,
				CDC2B33520CE112F00300A96 /* Chain.cpp */,
				CDC2B33620CE112F00300A96 /* Chain.h */,
				CD240D2B21360BD900FF8812 /* ChainMetadata.cpp */,
				CD240D2C21360BD900FF8812 /* ChainMetadata.h */,
				CD0C3E1820C25A00006E3B1C /* MinerInfo.cpp */,
				CD0C3E1920C25A00006E3B1C /* MinerInfo.h */,
				CDC2B34220D1196900300A96 /* TheContext.cpp */,
				CDC2B34120D1182400300A96 /* TheContext.h */,
				CD59F3BB20E8950100705AEB /* Policy.cpp */,
				CD59F3BC20E8950100705AEB /* Policy.h */,
				CDC2B31420CCAD2400300A96 /* State.cpp */,
				CDC2B31520CCAD2400300A96 /* State.h */,
			);
			name = ledger;
			sourceTree = "<group>";
		};
		CD4665AF20BFF62600A02D55 /* util */ = {
			isa = PBXGroup;
			children = (
				CDD36D022162A496004FC222 /* Format.cpp */,
				CD0C3E2820C279FB006E3B1C /* Factory.h */,
				CDD36D002162A415004FC222 /* Format.h */,
				CD36663720F595B2000E0B43 /* FNV1a.h */,
				CD0C3E2020C25AF5006E3B1C /* Singleton.h */,
			);
			name = util;
			sourceTree = "<group>";
		};
		CD4E80E021031D24007DA585 /* crypto */ = {
			isa = PBXGroup;
			children = (
				CD4E80D62102BB57007DA585 /* CryptoKey.cpp */,
				CD4E80D72102BB57007DA585 /* CryptoKey.h */,
				CD4E80DC21031AB0007DA585 /* Digest.h */,
				CD59F3B120E889A000705AEB /* Signature.cpp */,
				CD59F3B220E889A000705AEB /* Signature.h */,
			);
			name = crypto;
			sourceTree = "<group>";
		};
		CD4E816621057ADF007DA585 /* gtest */ = {
			isa = PBXGroup;
			children = (
				CD4E816B21057DD1007DA585 /* main-gtest.cpp */,
				CDC1388F212FCFDF004FA594 /* TestChain.cpp */,
			);
			name = gtest;
			sourceTree = "<group>";
		};
		CD5C62F220B4F7930038EE98 /* lib */ = {
			isa = PBXGroup;
			children = (
				CD4665A020BE9CE000A02D55 /* libcrypto.a */,
				CD4665A120BE9CE000A02D55 /* libssl.a */,
				CDED585920BA3981003A2969 /* libPocoCrypto.a */,
				CDED585A20BA3981003A2969 /* libPocoEncodings.a */,
				CDED585B20BA3981003A2969 /* libPocoFoundation.a */,
				CDED585C20BA3981003A2969 /* libPocoJSON.a */,
				CDED585D20BA3981003A2969 /* libPocoNet.a */,
				CDED585E20BA3981003A2969 /* libPocoNetSSL.a */,
				CDED585F20BA3981003A2969 /* libPocoRedis.a */,
				CDED586020BA3981003A2969 /* libPocoUtil.a */,
				CDED586120BA3981003A2969 /* libPocoXML.a */,
				CDED586220BA3981003A2969 /* libPocoZip.a */,
			);
			name = lib;
			sourceTree = "<group>";
		};
		CD5C62F320B4F7A70038EE98 /* src */ = {
			isa = PBXGroup;
			children = (
				CD4E80E021031D24007DA585 /* crypto */,
				CD4665AA20BFE49000A02D55 /* ledger */,
				CD0C3E0F20C14410006E3B1C /* miner */,
				CDED587020BCDBD7003A2969 /* router */,
				CD36664720F72F94000E0B43 /* serialization */,
				CDC2B31A20CE0F8400300A96 /* simulator */,
				CD6D7CCF21006C9F0005446F /* transaction */,
				CD4665AF20BFF62600A02D55 /* util */,
				CD5C62FA20B4F7B10038EE98 /* common.h */,
			);
			name = src;
			sourceTree = "<group>";
		};
		CD6D7CCF21006C9F0005446F /* transaction */ = {
			isa = PBXGroup;
			children = (
				CD4665AB20BFF3DD00A02D55 /* AbstractTransaction.cpp */,
				CD4665AC20BFF3DD00A02D55 /* AbstractTransaction.h */,
				CD0C3E1420C14E8A006E3B1C /* TheTransactionFactory.cpp */,
				CD0C3E1520C14E8A006E3B1C /* TheTransactionFactory.h */,
				CD59F3D920E9BEC100705AEB /* TransactionMakerSignature.cpp */,
				CD59F3DA20E9BEC100705AEB /* TransactionMakerSignature.h */,
				CD36664120F6B404000E0B43 /* Transactions.h */,
			);
			name = transaction;
			sourceTree = "<group>";
		};
		CD9345B92093EB140077BAD4 = {
			isa = PBXGroup;
			children = (
				CDD36CCA215DA35E004FC222 /* padamose.xcodeproj */,
				CDED581320BA1EF7003A2969 /* 3rd-party */,
				CD4E816621057ADF007DA585 /* gtest */,
				CDED589120BD1CAC003A2969 /* main */,
				CD5C62F320B4F7A70038EE98 /* src */,
				CD5C62F220B4F7930038EE98 /* lib */,
				CD9345C32093EB140077BAD4 /* Products */,
				CDED584020BA2008003A2969 /* Frameworks */,
			);
			sourceTree = "<group>";
		};
		CD9345C32093EB140077BAD4 /* Products */ = {
			isa = PBXGroup;
			children = (
				CD9345C22093EB140077BAD4 /* simulator */,
				CDED582D20BA1FCE003A2969 /* libcpprouter.a */,
				CDED589020BD1C5F003A2969 /* server */,
				CD0C3E6720C86D88006E3B1C /* util */,
				CD4E8161210579C8007DA585 /* volition-gtest */,
				CD4E818F21059316007DA585 /* libvolition.a */,
			);
			name = Products;
			sourceTree = "<group>";
		};
		CDC2B31A20CE0F8400300A96 /* simulator */ = {
			isa = PBXGroup;
			children = (
				CDC2B31B20CE0FA100300A96 /* Analysis.cpp */,
				CDC2B31C20CE0FA100300A96 /* Analysis.h */,
				CDC2B31F20CE0FA100300A96 /* Cohort.cpp */,
				CDC2B32020CE0FA100300A96 /* Cohort.h */,
				CDC2B32520CE0FA100300A96 /* Scenario.h */,
				CD36659320EC40E4000E0B43 /* SimMiner.cpp */,
				CD36659420EC40E4000E0B43 /* SimMiner.h */,
				CDC2B32120CE0FA100300A96 /* TheSimulator.cpp */,
				CDC2B32220CE0FA100300A96 /* TheSimulator.h */,
			);
			name = simulator;
			sourceTree = "<group>";
		};
		CDD36CCB215DA35E004FC222 /* Products */ = {
			isa = PBXGroup;
			children = (
				CDD36CD2215DA35E004FC222 /* padamose-gtest */,
				CDD36CD4215DA35E004FC222 /* libgtest.a */,
				CDD36CD6215DA35E004FC222 /* libpadamose.a */,
			);
			name = Products;
			sourceTree = "<group>";
		};
		CDED581320BA1EF7003A2969 /* 3rd-party */ = {
			isa = PBXGroup;
			children = (
				CDED581420BA1F02003A2969 /* simple-cpp-router */,
			);
			name = "3rd-party";
			sourceTree = "<group>";
		};
		CDED581420BA1F02003A2969 /* simple-cpp-router */ = {
			isa = PBXGroup;
			children = (
				CDED581C20BA1F40003A2969 /* Details */,
				CDED581520BA1F38003A2969 /* Exceptions.h */,
				CDED581620BA1F38003A2969 /* PathMatch.cpp */,
				CDED581720BA1F38003A2969 /* PathMatch.h */,
				CDED581820BA1F38003A2969 /* Router.cpp */,
				CDED581920BA1F38003A2969 /* Router.h */,
			);
			name = "simple-cpp-router";
			sourceTree = "<group>";
		};
		CDED581C20BA1F40003A2969 /* Details */ = {
			isa = PBXGroup;
			children = (
				CDED581D20BA1F4E003A2969 /* PathTemplate.cpp */,
				CDED581E20BA1F4E003A2969 /* PathTemplate.h */,
				CDED581F20BA1F4E003A2969 /* PathTemplateParser.cpp */,
				CDED582020BA1F4E003A2969 /* PathTemplateParser.h */,
				CDED582120BA1F4E003A2969 /* RegexConverter.cpp */,
				CDED582220BA1F4E003A2969 /* RegexConverter.h */,
				CDED582320BA1F4E003A2969 /* StringTokenizer.cpp */,
				CDED582420BA1F4E003A2969 /* StringTokenizer.h */,
			);
			name = Details;
			sourceTree = "<group>";
		};
		CDED584020BA2008003A2969 /* Frameworks */ = {
			isa = PBXGroup;
			children = (
			);
			name = Frameworks;
			sourceTree = "<group>";
		};
		CDED587020BCDBD7003A2969 /* router */ = {
			isa = PBXGroup;
			children = (
				CD36662F20F585D8000E0B43 /* AbstractAPIRequestHandler.cpp */,
				CD36663020F585D8000E0B43 /* AbstractAPIRequestHandler.h */,
				CD4665A620BEABE100A02D55 /* AbstractRequestHandler.cpp */,
				CD4665A720BEABE100A02D55 /* AbstractRequestHandler.h */,
				CDED584220BA2131003A2969 /* RouteTable.cpp */,
				CDED584320BA2131003A2969 /* RouteTable.h */,
			);
			name = router;
			sourceTree = "<group>";
		};
		CDED589120BD1CAC003A2969 /* main */ = {
			isa = PBXGroup;
			children = (
				CDD36CD7215DA3A3004FC222 /* loguru.cpp */,
				CD5C632420B524A30038EE98 /* main-server.cpp */,
				CD5C632320B524A30038EE98 /* main-simulator.cpp */,
				CD0C3E6820C86FBA006E3B1C /* main-util.cpp */,
			);
			name = main;
			sourceTree = "<group>";
		};
/* End PBXGroup section */

/* Begin PBXHeadersBuildPhase section */
		CD4E818021059316007DA585 /* Headers */ = {
			isa = PBXHeadersBuildPhase;
			buildActionMask = 2147483647;
			files = (
				CD4E81AF210593DD007DA585 /* AbstractAPIRequestHandler.h in Headers */,
				CD4E81B3210593DD007DA585 /* RouteTable.h in Headers */,
				CD4E81CE2105941A007DA585 /* TheTransactionFactory.h in Headers */,
				CD4E81B9210593E5007DA585 /* JSONSerializer.h in Headers */,
				CD4E81BE210593E5007DA585 /* SortedDigestSerializer.h in Headers */,
				CD4E81D12105941A007DA585 /* Transactions.h in Headers */,
				CD4E81C1210593F6007DA585 /* Analysis.h in Headers */,
				CD4E81C3210593F6007DA585 /* Cohort.h in Headers */,
				CD240D2E21360BD900FF8812 /* ChainMetadata.h in Headers */,
				CD4E81B8210593E5007DA585 /* FromJSONSerializer.h in Headers */,
				CD4E819E210593BD007DA585 /* MinerInfo.h in Headers */,
				CD4E81B1210593DD007DA585 /* AbstractRequestHandler.h in Headers */,
				CD4E81B7210593E5007DA585 /* DigestSerializer.h in Headers */,
				CD4E8196210593BD007DA585 /* Block.h in Headers */,
				CD4E81C8210593F6007DA585 /* TheSimulator.h in Headers */,
				CD4E81BA210593E5007DA585 /* SerializablePtr.h in Headers */,
				CD4E81A6210593CA007DA585 /* SyncChainTask.h in Headers */,
				CD4E81AA210593CA007DA585 /* TheWebMiner.h in Headers */,
				CD4E81CC2105941A007DA585 /* AbstractTransaction.h in Headers */,
				CDD36D012162A415004FC222 /* Format.h in Headers */,
				CD4E81AB210593CA007DA585 /* TheWebMinerAPI.h in Headers */,
				CD4E81B6210593E5007DA585 /* AbstractStringifiable.h in Headers */,
				CD4E8198210593BD007DA585 /* Chain.h in Headers */,
				CD4E81B4210593E5007DA585 /* AbstractSerializable.h in Headers */,
				CD4E81C4210593F6007DA585 /* Scenario.h in Headers */,
				CD4E81A0210593BD007DA585 /* TheContext.h in Headers */,
				CD4E81C6210593F6007DA585 /* SimMiner.h in Headers */,
				CD4E81BB210593E5007DA585 /* SerializableSet.h in Headers */,
				CD4E81AD210593CA007DA585 /* WebMiner.h in Headers */,
				CD4E8194210593A4007DA585 /* Signature.h in Headers */,
				CD4E81B5210593E5007DA585 /* AbstractSerializer.h in Headers */,
				CD4E81A8210593CA007DA585 /* Miner.h in Headers */,
				CD4E81A4210593BD007DA585 /* State.h in Headers */,
				CD4E81D02105941A007DA585 /* TransactionMakerSignature.h in Headers */,
				CD4E81BF210593E5007DA585 /* ToJSONSerializer.h in Headers */,
				CD4E81BC210593E5007DA585 /* SerializableVector.h in Headers */,
				CD4E8192210593A4007DA585 /* Digest.h in Headers */,
				CD4E81BD210593E5007DA585 /* Serialization.h in Headers */,
				CD4E81A2210593BD007DA585 /* Policy.h in Headers */,
				CD4E8191210593A4007DA585 /* CryptoKey.h in Headers */,
			);
			runOnlyForDeploymentPostprocessing = 0;
		};
		CDED582B20BA1FCE003A2969 /* Headers */ = {
			isa = PBXHeadersBuildPhase;
			buildActionMask = 2147483647;
			files = (
				CDED583920BA1FE0003A2969 /* PathTemplateParser.h in Headers */,
				CDED583B20BA1FE0003A2969 /* RegexConverter.h in Headers */,
				CDED583D20BA1FE0003A2969 /* StringTokenizer.h in Headers */,
				CDED583520BA1FD6003A2969 /* Router.h in Headers */,
				CDED583720BA1FE0003A2969 /* PathTemplate.h in Headers */,
				CDED583120BA1FD6003A2969 /* Exceptions.h in Headers */,
				CDED583320BA1FD6003A2969 /* PathMatch.h in Headers */,
			);
			runOnlyForDeploymentPostprocessing = 0;
		};
/* End PBXHeadersBuildPhase section */

/* Begin PBXNativeTarget section */
		CD0C3E3F20C86D88006E3B1C /* util */ = {
			isa = PBXNativeTarget;
			buildConfigurationList = CD0C3E6420C86D88006E3B1C /* Build configuration list for PBXNativeTarget "util" */;
			buildPhases = (
				CD0C3E4220C86D88006E3B1C /* Sources */,
				CD0C3E5520C86D88006E3B1C /* Frameworks */,
				CDC2B34020D0A23B00300A96 /* Copy Binaries */,
			);
			buildRules = (
			);
			dependencies = (
				CDD36CE2215DA417004FC222 /* PBXTargetDependency */,
				CD0C3E4020C86D88006E3B1C /* PBXTargetDependency */,
				CD4E81DC21059463007DA585 /* PBXTargetDependency */,
			);
			name = util;
			productName = consensus;
			productReference = CD0C3E6720C86D88006E3B1C /* util */;
			productType = "com.apple.product-type.tool";
		};
		CD4E8131210579C8007DA585 /* volition-gtest */ = {
			isa = PBXNativeTarget;
			buildConfigurationList = CD4E815E210579C8007DA585 /* Build configuration list for PBXNativeTarget "volition-gtest" */;
			buildPhases = (
				CD4E8134210579C8007DA585 /* Sources */,
				CD4E814F210579C8007DA585 /* Frameworks */,
				CD4E815D210579C8007DA585 /* Copy Binaries */,
			);
			buildRules = (
			);
			dependencies = (
				CDD36CDA215DA3FD004FC222 /* PBXTargetDependency */,
				CDD36CDC215DA3FD004FC222 /* PBXTargetDependency */,
				CD4E8132210579C8007DA585 /* PBXTargetDependency */,
				CD4E81D32105942B007DA585 /* PBXTargetDependency */,
			);
			name = "volition-gtest";
			productName = consensus;
			productReference = CD4E8161210579C8007DA585 /* volition-gtest */;
			productType = "com.apple.product-type.tool";
		};
		CD4E817521059316007DA585 /* lib-volition */ = {
			isa = PBXNativeTarget;
			buildConfigurationList = CD4E818C21059316007DA585 /* Build configuration list for PBXNativeTarget "lib-volition" */;
			buildPhases = (
				CD4E817621059316007DA585 /* Sources */,
				CD4E817F21059316007DA585 /* Frameworks */,
				CD4E818021059316007DA585 /* Headers */,
			);
			buildRules = (
			);
			dependencies = (
			);
			name = "lib-volition";
			productName = "lib-simple-cpp-router";
			productReference = CD4E818F21059316007DA585 /* libvolition.a */;
			productType = "com.apple.product-type.library.static";
		};
		CD9345C12093EB140077BAD4 /* simulator */ = {
			isa = PBXNativeTarget;
			buildConfigurationList = CD9345C92093EB140077BAD4 /* Build configuration list for PBXNativeTarget "simulator" */;
			buildPhases = (
				CD9345BE2093EB140077BAD4 /* Sources */,
				CD9345BF2093EB140077BAD4 /* Frameworks */,
				CD9345C02093EB140077BAD4 /* CopyFiles */,
			);
			buildRules = (
			);
			dependencies = (
				CDD36CE0215DA410004FC222 /* PBXTargetDependency */,
				CDED583F20BA2001003A2969 /* PBXTargetDependency */,
				CD4E81D921059450007DA585 /* PBXTargetDependency */,
			);
			name = simulator;
			productName = consensus;
			productReference = CD9345C22093EB140077BAD4 /* simulator */;
			productType = "com.apple.product-type.tool";
		};
		CDED582C20BA1FCE003A2969 /* lib-simple-cpp-router */ = {
			isa = PBXNativeTarget;
			buildConfigurationList = CDED582E20BA1FCE003A2969 /* Build configuration list for PBXNativeTarget "lib-simple-cpp-router" */;
			buildPhases = (
				CDED582920BA1FCE003A2969 /* Sources */,
				CDED582A20BA1FCE003A2969 /* Frameworks */,
				CDED582B20BA1FCE003A2969 /* Headers */,
			);
			buildRules = (
			);
			dependencies = (
			);
			name = "lib-simple-cpp-router";
			productName = "lib-simple-cpp-router";
			productReference = CDED582D20BA1FCE003A2969 /* libcpprouter.a */;
			productType = "com.apple.product-type.library.static";
		};
		CDED587420BD1C5F003A2969 /* server */ = {
			isa = PBXNativeTarget;
			buildConfigurationList = CDED588D20BD1C5F003A2969 /* Build configuration list for PBXNativeTarget "server" */;
			buildPhases = (
				CDED587720BD1C5F003A2969 /* Sources */,
				CDED588020BD1C5F003A2969 /* Frameworks */,
				CD0C3E2720C26097006E3B1C /* Copy Binaries */,
			);
			buildRules = (
			);
			dependencies = (
				CDD36CDE215DA409004FC222 /* PBXTargetDependency */,
				CDED587520BD1C5F003A2969 /* PBXTargetDependency */,
				CD4E81D62105943F007DA585 /* PBXTargetDependency */,
			);
			name = server;
			productName = consensus;
			productReference = CDED589020BD1C5F003A2969 /* server */;
			productType = "com.apple.product-type.tool";
		};
/* End PBXNativeTarget section */

/* Begin PBXProject section */
		CD9345BA2093EB140077BAD4 /* Project object */ = {
			isa = PBXProject;
			attributes = {
				LastUpgradeCheck = 0930;
				ORGANIZATIONNAME = "Patrick Meehan";
				TargetAttributes = {
					CD0C3E3F20C86D88006E3B1C = {
						ProvisioningStyle = Manual;
					};
					CD4E8131210579C8007DA585 = {
						ProvisioningStyle = Manual;
					};
					CD4E817521059316007DA585 = {
						ProvisioningStyle = Automatic;
					};
					CD9345C12093EB140077BAD4 = {
						CreatedOnToolsVersion = 9.2;
						ProvisioningStyle = Manual;
					};
					CDD36CEA215DA68E004FC222 = {
						CreatedOnToolsVersion = 10.0;
						ProvisioningStyle = Automatic;
					};
					CDED582C20BA1FCE003A2969 = {
						CreatedOnToolsVersion = 9.3.1;
						ProvisioningStyle = Automatic;
					};
					CDED587420BD1C5F003A2969 = {
						ProvisioningStyle = Manual;
					};
				};
			};
			buildConfigurationList = CD9345BD2093EB140077BAD4 /* Build configuration list for PBXProject "volition" */;
			compatibilityVersion = "Xcode 8.0";
			developmentRegion = en;
			hasScannedForEncodings = 0;
			knownRegions = (
				en,
			);
			mainGroup = CD9345B92093EB140077BAD4;
			productRefGroup = CD9345C32093EB140077BAD4 /* Products */;
			projectDirPath = "";
			projectReferences = (
				{
					ProductGroup = CDD36CCB215DA35E004FC222 /* Products */;
					ProjectRef = CDD36CCA215DA35E004FC222 /* padamose.xcodeproj */;
				},
			);
			projectRoot = "";
			targets = (
				CDED587420BD1C5F003A2969 /* server */,
				CD9345C12093EB140077BAD4 /* simulator */,
				CD0C3E3F20C86D88006E3B1C /* util */,
				CD4E8131210579C8007DA585 /* volition-gtest */,
				CDED582C20BA1FCE003A2969 /* lib-simple-cpp-router */,
				CD4E817521059316007DA585 /* lib-volition */,
				CDD36CEA215DA68E004FC222 /* volition-all */,
			);
		};
/* End PBXProject section */

/* Begin PBXReferenceProxy section */
		CDD36CD2215DA35E004FC222 /* padamose-gtest */ = {
			isa = PBXReferenceProxy;
			fileType = "compiled.mach-o.executable";
			path = "padamose-gtest";
			remoteRef = CDD36CD1215DA35E004FC222 /* PBXContainerItemProxy */;
			sourceTree = BUILT_PRODUCTS_DIR;
		};
		CDD36CD4215DA35E004FC222 /* libgtest.a */ = {
			isa = PBXReferenceProxy;
			fileType = archive.ar;
			path = libgtest.a;
			remoteRef = CDD36CD3215DA35E004FC222 /* PBXContainerItemProxy */;
			sourceTree = BUILT_PRODUCTS_DIR;
		};
		CDD36CD6215DA35E004FC222 /* libpadamose.a */ = {
			isa = PBXReferenceProxy;
			fileType = archive.ar;
			path = libpadamose.a;
			remoteRef = CDD36CD5215DA35E004FC222 /* PBXContainerItemProxy */;
			sourceTree = BUILT_PRODUCTS_DIR;
		};
/* End PBXReferenceProxy section */

/* Begin PBXShellScriptBuildPhase section */
		CD0C3E2720C26097006E3B1C /* Copy Binaries */ = {
			isa = PBXShellScriptBuildPhase;
			buildActionMask = 2147483647;
			files = (
			);
			inputPaths = (
			);
			name = "Copy Binaries";
			outputPaths = (
			);
			runOnlyForDeploymentPostprocessing = 0;
			shellPath = /bin/sh;
			shellScript = "OSX_BIN=bin\nmkdir -p $OSX_BIN\ncp -a \"${TARGET_BUILD_DIR}/${TARGET_NAME}\" $OSX_BIN\n";
		};
		CD4E815D210579C8007DA585 /* Copy Binaries */ = {
			isa = PBXShellScriptBuildPhase;
			buildActionMask = 2147483647;
			files = (
			);
			inputPaths = (
			);
			name = "Copy Binaries";
			outputPaths = (
			);
			runOnlyForDeploymentPostprocessing = 0;
			shellPath = /bin/sh;
			shellScript = "OSX_BIN=bin\nmkdir -p $OSX_BIN\ncp -a \"${TARGET_BUILD_DIR}/${TARGET_NAME}\" $OSX_BIN";
		};
		CDC2B34020D0A23B00300A96 /* Copy Binaries */ = {
			isa = PBXShellScriptBuildPhase;
			buildActionMask = 2147483647;
			files = (
			);
			inputPaths = (
			);
			name = "Copy Binaries";
			outputPaths = (
			);
			runOnlyForDeploymentPostprocessing = 0;
			shellPath = /bin/sh;
			shellScript = "OSX_BIN=bin\nmkdir -p $OSX_BIN\ncp -a \"${TARGET_BUILD_DIR}/${TARGET_NAME}\" $OSX_BIN\n";
		};
/* End PBXShellScriptBuildPhase section */

/* Begin PBXSourcesBuildPhase section */
		CD0C3E4220C86D88006E3B1C /* Sources */ = {
			isa = PBXSourcesBuildPhase;
			buildActionMask = 2147483647;
			files = (
				CDD36CFF215DA77D004FC222 /* main-util.cpp in Sources */,
				CDD36CFC215DA75C004FC222 /* loguru.cpp in Sources */,
			);
			runOnlyForDeploymentPostprocessing = 0;
		};
		CD4E8134210579C8007DA585 /* Sources */ = {
			isa = PBXSourcesBuildPhase;
			buildActionMask = 2147483647;
			files = (
				CD4E81732105802E007DA585 /* main-gtest.cpp in Sources */,
				CDA06FFB21588EC3003FA0C3 /* TestChain.cpp in Sources */,
				CDD36CD8215DA3A3004FC222 /* loguru.cpp in Sources */,
			);
			runOnlyForDeploymentPostprocessing = 0;
		};
		CD4E817621059316007DA585 /* Sources */ = {
			isa = PBXSourcesBuildPhase;
			buildActionMask = 2147483647;
			files = (
				CD4E8195210593BD007DA585 /* Block.cpp in Sources */,
				CDD36D032162A496004FC222 /* Format.cpp in Sources */,
				CD4E81CF2105941A007DA585 /* TransactionMakerSignature.cpp in Sources */,
				CD4E8197210593BD007DA585 /* Chain.cpp in Sources */,
				CD4E8193210593A4007DA585 /* Signature.cpp in Sources */,
				CD4E81AC210593CA007DA585 /* WebMiner.cpp in Sources */,
				CD4E81B2210593DD007DA585 /* RouteTable.cpp in Sources */,
				CD4E81CB2105941A007DA585 /* AbstractTransaction.cpp in Sources */,
				CD4E81C7210593F6007DA585 /* TheSimulator.cpp in Sources */,
				CD4E81A1210593BD007DA585 /* Policy.cpp in Sources */,
				CD4E81B0210593DD007DA585 /* AbstractRequestHandler.cpp in Sources */,
				CD240D2D21360BD900FF8812 /* ChainMetadata.cpp in Sources */,
				CD4E81A9210593CA007DA585 /* TheWebMiner.cpp in Sources */,
				CD4E819F210593BD007DA585 /* TheContext.cpp in Sources */,
				CD4E81A5210593CA007DA585 /* SyncChainTask.cpp in Sources */,
				CD4E81A3210593BD007DA585 /* State.cpp in Sources */,
				CD4E81C5210593F6007DA585 /* SimMiner.cpp in Sources */,
				CD4E81CD2105941A007DA585 /* TheTransactionFactory.cpp in Sources */,
				CD4E81A7210593CA007DA585 /* Miner.cpp in Sources */,
				CD4E81AE210593DD007DA585 /* AbstractAPIRequestHandler.cpp in Sources */,
				CD4E81C2210593F6007DA585 /* Cohort.cpp in Sources */,
				CD4E819D210593BD007DA585 /* MinerInfo.cpp in Sources */,
				CD4E8190210593A4007DA585 /* CryptoKey.cpp in Sources */,
				CD4E81C0210593F6007DA585 /* Analysis.cpp in Sources */,
			);
			runOnlyForDeploymentPostprocessing = 0;
		};
		CD9345BE2093EB140077BAD4 /* Sources */ = {
			isa = PBXSourcesBuildPhase;
			buildActionMask = 2147483647;
			files = (
				CDED589320BD1CCE003A2969 /* main-simulator.cpp in Sources */,
				CDD36CFD215DA75D004FC222 /* loguru.cpp in Sources */,
			);
			runOnlyForDeploymentPostprocessing = 0;
		};
		CDED582920BA1FCE003A2969 /* Sources */ = {
			isa = PBXSourcesBuildPhase;
			buildActionMask = 2147483647;
			files = (
				CDED583C20BA1FE0003A2969 /* StringTokenizer.cpp in Sources */,
				CDED583620BA1FE0003A2969 /* PathTemplate.cpp in Sources */,
				CDED583A20BA1FE0003A2969 /* RegexConverter.cpp in Sources */,
				CDED583820BA1FE0003A2969 /* PathTemplateParser.cpp in Sources */,
				CDED583420BA1FD6003A2969 /* Router.cpp in Sources */,
				CDED583220BA1FD6003A2969 /* PathMatch.cpp in Sources */,
			);
			runOnlyForDeploymentPostprocessing = 0;
		};
		CDED587720BD1C5F003A2969 /* Sources */ = {
			isa = PBXSourcesBuildPhase;
			buildActionMask = 2147483647;
			files = (
				CDED587920BD1C5F003A2969 /* main-server.cpp in Sources */,
				CDD36CFE215DA75E004FC222 /* loguru.cpp in Sources */,
			);
			runOnlyForDeploymentPostprocessing = 0;
		};
/* End PBXSourcesBuildPhase section */

/* Begin PBXTargetDependency section */
		CD0C3E4020C86D88006E3B1C /* PBXTargetDependency */ = {
			isa = PBXTargetDependency;
			target = CDED582C20BA1FCE003A2969 /* lib-simple-cpp-router */;
			targetProxy = CD0C3E4120C86D88006E3B1C /* PBXContainerItemProxy */;
		};
		CD4E8132210579C8007DA585 /* PBXTargetDependency */ = {
			isa = PBXTargetDependency;
			target = CDED582C20BA1FCE003A2969 /* lib-simple-cpp-router */;
			targetProxy = CD4E8133210579C8007DA585 /* PBXContainerItemProxy */;
		};
		CD4E81D32105942B007DA585 /* PBXTargetDependency */ = {
			isa = PBXTargetDependency;
			target = CD4E817521059316007DA585 /* lib-volition */;
			targetProxy = CD4E81D22105942B007DA585 /* PBXContainerItemProxy */;
		};
		CD4E81D62105943F007DA585 /* PBXTargetDependency */ = {
			isa = PBXTargetDependency;
			target = CD4E817521059316007DA585 /* lib-volition */;
			targetProxy = CD4E81D52105943F007DA585 /* PBXContainerItemProxy */;
		};
		CD4E81D921059450007DA585 /* PBXTargetDependency */ = {
			isa = PBXTargetDependency;
			target = CD4E817521059316007DA585 /* lib-volition */;
			targetProxy = CD4E81D821059450007DA585 /* PBXContainerItemProxy */;
		};
		CD4E81DC21059463007DA585 /* PBXTargetDependency */ = {
			isa = PBXTargetDependency;
			target = CD4E817521059316007DA585 /* lib-volition */;
			targetProxy = CD4E81DB21059463007DA585 /* PBXContainerItemProxy */;
		};
		CDD36CDA215DA3FD004FC222 /* PBXTargetDependency */ = {
			isa = PBXTargetDependency;
			name = "lib-gtest";
			targetProxy = CDD36CD9215DA3FD004FC222 /* PBXContainerItemProxy */;
		};
		CDD36CDC215DA3FD004FC222 /* PBXTargetDependency */ = {
			isa = PBXTargetDependency;
			name = "lib-padamose";
			targetProxy = CDD36CDB215DA3FD004FC222 /* PBXContainerItemProxy */;
		};
		CDD36CDE215DA409004FC222 /* PBXTargetDependency */ = {
			isa = PBXTargetDependency;
			name = "lib-padamose";
			targetProxy = CDD36CDD215DA409004FC222 /* PBXContainerItemProxy */;
		};
		CDD36CE0215DA410004FC222 /* PBXTargetDependency */ = {
			isa = PBXTargetDependency;
			name = "lib-padamose";
			targetProxy = CDD36CDF215DA410004FC222 /* PBXContainerItemProxy */;
		};
		CDD36CE2215DA417004FC222 /* PBXTargetDependency */ = {
			isa = PBXTargetDependency;
			name = "lib-padamose";
			targetProxy = CDD36CE1215DA417004FC222 /* PBXContainerItemProxy */;
		};
		CDD36CEF215DA69B004FC222 /* PBXTargetDependency */ = {
			isa = PBXTargetDependency;
			target = CDED587420BD1C5F003A2969 /* server */;
			targetProxy = CDD36CEE215DA69B004FC222 /* PBXContainerItemProxy */;
		};
		CDD36CF1215DA69B004FC222 /* PBXTargetDependency */ = {
			isa = PBXTargetDependency;
			target = CD9345C12093EB140077BAD4 /* simulator */;
			targetProxy = CDD36CF0215DA69B004FC222 /* PBXContainerItemProxy */;
		};
		CDD36CF3215DA69B004FC222 /* PBXTargetDependency */ = {
			isa = PBXTargetDependency;
			target = CD0C3E3F20C86D88006E3B1C /* util */;
			targetProxy = CDD36CF2215DA69B004FC222 /* PBXContainerItemProxy */;
		};
		CDD36CF5215DA69B004FC222 /* PBXTargetDependency */ = {
			isa = PBXTargetDependency;
			target = CD4E8131210579C8007DA585 /* volition-gtest */;
			targetProxy = CDD36CF4215DA69B004FC222 /* PBXContainerItemProxy */;
		};
		CDD36CF7215DA69B004FC222 /* PBXTargetDependency */ = {
			isa = PBXTargetDependency;
			target = CDED582C20BA1FCE003A2969 /* lib-simple-cpp-router */;
			targetProxy = CDD36CF6215DA69B004FC222 /* PBXContainerItemProxy */;
		};
		CDD36CF9215DA69B004FC222 /* PBXTargetDependency */ = {
			isa = PBXTargetDependency;
			target = CD4E817521059316007DA585 /* lib-volition */;
			targetProxy = CDD36CF8215DA69B004FC222 /* PBXContainerItemProxy */;
		};
		CDD36CFB215DA69B004FC222 /* PBXTargetDependency */ = {
			isa = PBXTargetDependency;
			name = "padamose-all";
			targetProxy = CDD36CFA215DA69B004FC222 /* PBXContainerItemProxy */;
		};
		CDED583F20BA2001003A2969 /* PBXTargetDependency */ = {
			isa = PBXTargetDependency;
			target = CDED582C20BA1FCE003A2969 /* lib-simple-cpp-router */;
			targetProxy = CDED583E20BA2001003A2969 /* PBXContainerItemProxy */;
		};
		CDED587520BD1C5F003A2969 /* PBXTargetDependency */ = {
			isa = PBXTargetDependency;
			target = CDED582C20BA1FCE003A2969 /* lib-simple-cpp-router */;
			targetProxy = CDED587620BD1C5F003A2969 /* PBXContainerItemProxy */;
		};
/* End PBXTargetDependency section */

/* Begin XCBuildConfiguration section */
		CD0C3E6520C86D88006E3B1C /* Debug */ = {
			isa = XCBuildConfiguration;
			buildSettings = {
				GCC_INLINES_ARE_PRIVATE_EXTERN = NO;
				GCC_SYMBOLS_PRIVATE_EXTERN = NO;
				MACOSX_DEPLOYMENT_TARGET = 10.13;
				PRODUCT_NAME = "$(TARGET_NAME)";
				PROVISIONING_PROFILE_SPECIFIER = "";
			};
			name = Debug;
		};
		CD0C3E6620C86D88006E3B1C /* Release */ = {
			isa = XCBuildConfiguration;
			buildSettings = {
				GCC_INLINES_ARE_PRIVATE_EXTERN = NO;
				GCC_SYMBOLS_PRIVATE_EXTERN = NO;
				MACOSX_DEPLOYMENT_TARGET = 10.13;
				PRODUCT_NAME = "$(TARGET_NAME)";
				PROVISIONING_PROFILE_SPECIFIER = "";
			};
			name = Release;
		};
		CD4E815F210579C8007DA585 /* Debug */ = {
			isa = XCBuildConfiguration;
			buildSettings = {
				GCC_INLINES_ARE_PRIVATE_EXTERN = NO;
				GCC_SYMBOLS_PRIVATE_EXTERN = NO;
				MACOSX_DEPLOYMENT_TARGET = 10.13;
				PRODUCT_NAME = "$(TARGET_NAME)";
				PROVISIONING_PROFILE_SPECIFIER = "";
			};
			name = Debug;
		};
		CD4E8160210579C8007DA585 /* Release */ = {
			isa = XCBuildConfiguration;
			buildSettings = {
				GCC_INLINES_ARE_PRIVATE_EXTERN = NO;
				GCC_SYMBOLS_PRIVATE_EXTERN = NO;
				MACOSX_DEPLOYMENT_TARGET = 10.13;
				PRODUCT_NAME = "$(TARGET_NAME)";
				PROVISIONING_PROFILE_SPECIFIER = "";
			};
			name = Release;
		};
		CD4E818D21059316007DA585 /* Debug */ = {
			isa = XCBuildConfiguration;
			buildSettings = {
				ALWAYS_SEARCH_USER_PATHS = NO;
				CLANG_ENABLE_OBJC_WEAK = YES;
				CODE_SIGN_IDENTITY = "Mac Developer";
				CODE_SIGN_STYLE = Automatic;
				DEVELOPMENT_TEAM = BUD786NAA6;
				EXECUTABLE_PREFIX = lib;
				HEADER_SEARCH_PATHS = (
					"$(inherited)",
					"3rd-party/googletest/googletest",
				);
				PRODUCT_NAME = volition;
				SKIP_INSTALL = YES;
			};
			name = Debug;
		};
		CD4E818E21059316007DA585 /* Release */ = {
			isa = XCBuildConfiguration;
			buildSettings = {
				ALWAYS_SEARCH_USER_PATHS = NO;
				CLANG_ENABLE_OBJC_WEAK = YES;
				CODE_SIGN_IDENTITY = "Mac Developer";
				CODE_SIGN_STYLE = Automatic;
				DEVELOPMENT_TEAM = BUD786NAA6;
				EXECUTABLE_PREFIX = lib;
				HEADER_SEARCH_PATHS = (
					"$(inherited)",
					"3rd-party/googletest/googletest",
				);
				PRODUCT_NAME = volition;
				SKIP_INSTALL = YES;
			};
			name = Release;
		};
		CD9345C72093EB140077BAD4 /* Debug */ = {
			isa = XCBuildConfiguration;
			buildSettings = {
				CLANG_ANALYZER_NONNULL = YES;
				CLANG_ANALYZER_NUMBER_OBJECT_CONVERSION = YES_AGGRESSIVE;
				CLANG_CXX_LANGUAGE_STANDARD = "c++14";
				CLANG_CXX_LIBRARY = "libc++";
				CLANG_ENABLE_MODULES = YES;
				CLANG_ENABLE_OBJC_ARC = YES;
				CLANG_WARN_BLOCK_CAPTURE_AUTORELEASING = YES;
				CLANG_WARN_BOOL_CONVERSION = YES;
				CLANG_WARN_COMMA = YES;
				CLANG_WARN_CONSTANT_CONVERSION = YES;
				CLANG_WARN_DEPRECATED_OBJC_IMPLEMENTATIONS = YES;
				CLANG_WARN_DIRECT_OBJC_ISA_USAGE = YES_ERROR;
				CLANG_WARN_DOCUMENTATION_COMMENTS = NO;
				CLANG_WARN_EMPTY_BODY = YES;
				CLANG_WARN_ENUM_CONVERSION = YES;
				CLANG_WARN_INFINITE_RECURSION = YES;
				CLANG_WARN_INT_CONVERSION = YES;
				CLANG_WARN_NON_LITERAL_NULL_CONVERSION = YES;
				CLANG_WARN_OBJC_IMPLICIT_RETAIN_SELF = YES;
				CLANG_WARN_OBJC_LITERAL_CONVERSION = YES;
				CLANG_WARN_OBJC_ROOT_CLASS = YES_ERROR;
				CLANG_WARN_RANGE_LOOP_ANALYSIS = YES;
				CLANG_WARN_STRICT_PROTOTYPES = YES;
				CLANG_WARN_SUSPICIOUS_MOVE = YES;
				CLANG_WARN_UNGUARDED_AVAILABILITY = YES_AGGRESSIVE;
				CLANG_WARN_UNREACHABLE_CODE = YES;
				CLANG_WARN__DUPLICATE_METHOD_MATCH = YES;
				CODE_SIGN_IDENTITY = "";
				CODE_SIGN_STYLE = Manual;
				COPY_PHASE_STRIP = NO;
				DEBUG_INFORMATION_FORMAT = dwarf;
				ENABLE_STRICT_OBJC_MSGSEND = YES;
				ENABLE_TESTABILITY = YES;
				GCC_C_LANGUAGE_STANDARD = gnu11;
				GCC_DYNAMIC_NO_PIC = NO;
				GCC_NO_COMMON_BLOCKS = YES;
				GCC_OPTIMIZATION_LEVEL = 0;
				GCC_PREPROCESSOR_DEFINITIONS = (
					"DEBUG=1",
					"_DEBUG=1",
					"$(inherited)",
				);
				GCC_WARN_64_TO_32_BIT_CONVERSION = YES;
				GCC_WARN_ABOUT_RETURN_TYPE = YES_ERROR;
				GCC_WARN_UNDECLARED_SELECTOR = YES;
				GCC_WARN_UNINITIALIZED_AUTOS = YES_AGGRESSIVE;
				GCC_WARN_UNUSED_FUNCTION = YES;
				GCC_WARN_UNUSED_VARIABLE = YES;
				HEADER_SEARCH_PATHS = (
					src,
					poco/include,
					"3rd-party/simple-cpp-router/src",
					"3rd-party/padamose/src",
					"3rd-party/padamose/3rd-party/googletest/googletest/include",
					"3rd-party/padamose/3rd-party/loguru",
					/usr/local/opt/openssl/include,
				);
				LIBRARY_SEARCH_PATHS = (
					poco/lib,
					/usr/local/opt/openssl/lib,
				);
				MACOSX_DEPLOYMENT_TARGET = 10.12;
				MTL_ENABLE_DEBUG_INFO = YES;
				ONLY_ACTIVE_ARCH = YES;
				OTHER_CPLUSPLUSFLAGS = (
					"$(OTHER_CFLAGS)",
					"-Wno-documentation-deprecated-sync",
				);
				SDKROOT = macosx;
			};
			name = Debug;
		};
		CD9345C82093EB140077BAD4 /* Release */ = {
			isa = XCBuildConfiguration;
			buildSettings = {
				CLANG_ANALYZER_NONNULL = YES;
				CLANG_ANALYZER_NUMBER_OBJECT_CONVERSION = YES_AGGRESSIVE;
				CLANG_CXX_LANGUAGE_STANDARD = "c++14";
				CLANG_CXX_LIBRARY = "libc++";
				CLANG_ENABLE_MODULES = YES;
				CLANG_ENABLE_OBJC_ARC = YES;
				CLANG_WARN_BLOCK_CAPTURE_AUTORELEASING = YES;
				CLANG_WARN_BOOL_CONVERSION = YES;
				CLANG_WARN_COMMA = YES;
				CLANG_WARN_CONSTANT_CONVERSION = YES;
				CLANG_WARN_DEPRECATED_OBJC_IMPLEMENTATIONS = YES;
				CLANG_WARN_DIRECT_OBJC_ISA_USAGE = YES_ERROR;
				CLANG_WARN_DOCUMENTATION_COMMENTS = NO;
				CLANG_WARN_EMPTY_BODY = YES;
				CLANG_WARN_ENUM_CONVERSION = YES;
				CLANG_WARN_INFINITE_RECURSION = YES;
				CLANG_WARN_INT_CONVERSION = YES;
				CLANG_WARN_NON_LITERAL_NULL_CONVERSION = YES;
				CLANG_WARN_OBJC_IMPLICIT_RETAIN_SELF = YES;
				CLANG_WARN_OBJC_LITERAL_CONVERSION = YES;
				CLANG_WARN_OBJC_ROOT_CLASS = YES_ERROR;
				CLANG_WARN_RANGE_LOOP_ANALYSIS = YES;
				CLANG_WARN_STRICT_PROTOTYPES = YES;
				CLANG_WARN_SUSPICIOUS_MOVE = YES;
				CLANG_WARN_UNGUARDED_AVAILABILITY = YES_AGGRESSIVE;
				CLANG_WARN_UNREACHABLE_CODE = YES;
				CLANG_WARN__DUPLICATE_METHOD_MATCH = YES;
				CODE_SIGN_IDENTITY = "";
				CODE_SIGN_STYLE = Manual;
				COPY_PHASE_STRIP = NO;
				DEBUG_INFORMATION_FORMAT = "dwarf-with-dsym";
				ENABLE_NS_ASSERTIONS = NO;
				ENABLE_STRICT_OBJC_MSGSEND = YES;
				GCC_C_LANGUAGE_STANDARD = gnu11;
				GCC_NO_COMMON_BLOCKS = YES;
				GCC_WARN_64_TO_32_BIT_CONVERSION = YES;
				GCC_WARN_ABOUT_RETURN_TYPE = YES_ERROR;
				GCC_WARN_UNDECLARED_SELECTOR = YES;
				GCC_WARN_UNINITIALIZED_AUTOS = YES_AGGRESSIVE;
				GCC_WARN_UNUSED_FUNCTION = YES;
				GCC_WARN_UNUSED_VARIABLE = YES;
				HEADER_SEARCH_PATHS = (
					src,
					poco/include,
					"3rd-party/simple-cpp-router/src",
					"3rd-party/padamose/src",
					"3rd-party/padamose/3rd-party/googletest/googletest/include",
					"3rd-party/padamose/3rd-party/loguru",
					/usr/local/opt/openssl/include,
				);
				LIBRARY_SEARCH_PATHS = (
					poco/lib,
					/usr/local/opt/openssl/lib,
				);
				MACOSX_DEPLOYMENT_TARGET = 10.12;
				MTL_ENABLE_DEBUG_INFO = NO;
				OTHER_CPLUSPLUSFLAGS = (
					"$(OTHER_CFLAGS)",
					"-Wno-documentation-deprecated-sync",
				);
				SDKROOT = macosx;
			};
			name = Release;
		};
		CD9345CA2093EB140077BAD4 /* Debug */ = {
			isa = XCBuildConfiguration;
			buildSettings = {
				GCC_INLINES_ARE_PRIVATE_EXTERN = NO;
				GCC_SYMBOLS_PRIVATE_EXTERN = NO;
				MACOSX_DEPLOYMENT_TARGET = 10.13;
				PRODUCT_NAME = "$(TARGET_NAME)";
				PROVISIONING_PROFILE_SPECIFIER = "";
			};
			name = Debug;
		};
		CD9345CB2093EB140077BAD4 /* Release */ = {
			isa = XCBuildConfiguration;
			buildSettings = {
				GCC_INLINES_ARE_PRIVATE_EXTERN = NO;
				GCC_SYMBOLS_PRIVATE_EXTERN = NO;
				MACOSX_DEPLOYMENT_TARGET = 10.13;
				PRODUCT_NAME = "$(TARGET_NAME)";
				PROVISIONING_PROFILE_SPECIFIER = "";
			};
			name = Release;
		};
		CDD36CEC215DA68E004FC222 /* Debug */ = {
			isa = XCBuildConfiguration;
			buildSettings = {
				CODE_SIGN_STYLE = Automatic;
				PRODUCT_NAME = "$(TARGET_NAME)";
			};
			name = Debug;
		};
		CDD36CED215DA68E004FC222 /* Release */ = {
			isa = XCBuildConfiguration;
			buildSettings = {
				CODE_SIGN_STYLE = Automatic;
				PRODUCT_NAME = "$(TARGET_NAME)";
			};
			name = Release;
		};
		CDED582F20BA1FCE003A2969 /* Debug */ = {
			isa = XCBuildConfiguration;
			buildSettings = {
				ALWAYS_SEARCH_USER_PATHS = NO;
				CLANG_ENABLE_OBJC_WEAK = YES;
				CODE_SIGN_IDENTITY = "Mac Developer";
				CODE_SIGN_STYLE = Automatic;
				DEVELOPMENT_TEAM = BUD786NAA6;
				EXECUTABLE_PREFIX = lib;
				OTHER_CPLUSPLUSFLAGS = (
					"$(INHERITED)",
					"-w",
				);
				PRODUCT_NAME = cpprouter;
				SKIP_INSTALL = YES;
			};
			name = Debug;
		};
		CDED583020BA1FCE003A2969 /* Release */ = {
			isa = XCBuildConfiguration;
			buildSettings = {
				ALWAYS_SEARCH_USER_PATHS = NO;
				CLANG_ENABLE_OBJC_WEAK = YES;
				CODE_SIGN_IDENTITY = "Mac Developer";
				CODE_SIGN_STYLE = Automatic;
				DEVELOPMENT_TEAM = BUD786NAA6;
				EXECUTABLE_PREFIX = lib;
				OTHER_CPLUSPLUSFLAGS = (
					"$(INHERITED)",
					"-w",
				);
				PRODUCT_NAME = cpprouter;
				SKIP_INSTALL = YES;
			};
			name = Release;
		};
		CDED588E20BD1C5F003A2969 /* Debug */ = {
			isa = XCBuildConfiguration;
			buildSettings = {
				GCC_INLINES_ARE_PRIVATE_EXTERN = NO;
				GCC_SYMBOLS_PRIVATE_EXTERN = NO;
				MACOSX_DEPLOYMENT_TARGET = 10.13;
				PRODUCT_NAME = "$(TARGET_NAME)";
				PROVISIONING_PROFILE_SPECIFIER = "";
			};
			name = Debug;
		};
		CDED588F20BD1C5F003A2969 /* Release */ = {
			isa = XCBuildConfiguration;
			buildSettings = {
				GCC_INLINES_ARE_PRIVATE_EXTERN = NO;
				GCC_SYMBOLS_PRIVATE_EXTERN = NO;
				MACOSX_DEPLOYMENT_TARGET = 10.13;
				PRODUCT_NAME = "$(TARGET_NAME)";
				PROVISIONING_PROFILE_SPECIFIER = "";
			};
			name = Release;
		};
/* End XCBuildConfiguration section */

/* Begin XCConfigurationList section */
		CD0C3E6420C86D88006E3B1C /* Build configuration list for PBXNativeTarget "util" */ = {
			isa = XCConfigurationList;
			buildConfigurations = (
				CD0C3E6520C86D88006E3B1C /* Debug */,
				CD0C3E6620C86D88006E3B1C /* Release */,
			);
			defaultConfigurationIsVisible = 0;
			defaultConfigurationName = Release;
		};
		CD4E815E210579C8007DA585 /* Build configuration list for PBXNativeTarget "volition-gtest" */ = {
			isa = XCConfigurationList;
			buildConfigurations = (
				CD4E815F210579C8007DA585 /* Debug */,
				CD4E8160210579C8007DA585 /* Release */,
			);
			defaultConfigurationIsVisible = 0;
			defaultConfigurationName = Release;
		};
		CD4E818C21059316007DA585 /* Build configuration list for PBXNativeTarget "lib-volition" */ = {
			isa = XCConfigurationList;
			buildConfigurations = (
				CD4E818D21059316007DA585 /* Debug */,
				CD4E818E21059316007DA585 /* Release */,
			);
			defaultConfigurationIsVisible = 0;
			defaultConfigurationName = Release;
		};
		CD9345BD2093EB140077BAD4 /* Build configuration list for PBXProject "volition" */ = {
			isa = XCConfigurationList;
			buildConfigurations = (
				CD9345C72093EB140077BAD4 /* Debug */,
				CD9345C82093EB140077BAD4 /* Release */,
			);
			defaultConfigurationIsVisible = 0;
			defaultConfigurationName = Release;
		};
		CD9345C92093EB140077BAD4 /* Build configuration list for PBXNativeTarget "simulator" */ = {
			isa = XCConfigurationList;
			buildConfigurations = (
				CD9345CA2093EB140077BAD4 /* Debug */,
				CD9345CB2093EB140077BAD4 /* Release */,
			);
			defaultConfigurationIsVisible = 0;
			defaultConfigurationName = Release;
		};
		CDD36CEB215DA68E004FC222 /* Build configuration list for PBXAggregateTarget "volition-all" */ = {
			isa = XCConfigurationList;
			buildConfigurations = (
				CDD36CEC215DA68E004FC222 /* Debug */,
				CDD36CED215DA68E004FC222 /* Release */,
			);
			defaultConfigurationIsVisible = 0;
			defaultConfigurationName = Release;
		};
		CDED582E20BA1FCE003A2969 /* Build configuration list for PBXNativeTarget "lib-simple-cpp-router" */ = {
			isa = XCConfigurationList;
			buildConfigurations = (
				CDED582F20BA1FCE003A2969 /* Debug */,
				CDED583020BA1FCE003A2969 /* Release */,
			);
			defaultConfigurationIsVisible = 0;
			defaultConfigurationName = Release;
		};
		CDED588D20BD1C5F003A2969 /* Build configuration list for PBXNativeTarget "server" */ = {
			isa = XCConfigurationList;
			buildConfigurations = (
				CDED588E20BD1C5F003A2969 /* Debug */,
				CDED588F20BD1C5F003A2969 /* Release */,
			);
			defaultConfigurationIsVisible = 0;
			defaultConfigurationName = Release;
		};
/* End XCConfigurationList section */
	};
	rootObject = CD9345BA2093EB140077BAD4 /* Project object */;
}
